
Microsoft Visual Studio Solution File, Format Version 12.00
# Visual Studio 2013
VisualStudioVersion = 12.0.30110.0
MinimumVisualStudioVersion = 10.0.40219.1
Project("{FAE04EC0-301F-11D3-BF4B-00C04F79EFBC}") = "Exceptionless.App", "Source\App\Exceptionless.App.csproj", "{75B70E03-6F3D-4B05-979F-8E0BDAAD732C}"
EndProject
Project("{FAE04EC0-301F-11D3-BF4B-00C04F79EFBC}") = "Exceptionless.Models", "Source\Models\Exceptionless.Models.csproj", "{A14E78DE-A085-4647-BA2D-E6237D7D8057}"
EndProject
Project("{FAE04EC0-301F-11D3-BF4B-00C04F79EFBC}") = "Exceptionless.Tests", "Source\Tests\Exceptionless.Tests.csproj", "{713D0F53-1052-4F0C-8872-5B0050056022}"
EndProject
Project("{FAE04EC0-301F-11D3-BF4B-00C04F79EFBC}") = "CodeSmith.Core", "Source\CodeSmith.Core\CodeSmith.Core.csproj", "{C2E6E845-B50D-45B8-B188-E2F63B3E468F}"
EndProject
Project("{2150E333-8FDC-42A3-9474-1A3956D46DE8}") = "Clients", "Clients", "{AD891FB6-E07A-47DB-AA64-B68AA8DEB7CA}"
EndProject
Project("{FAE04EC0-301F-11D3-BF4B-00C04F79EFBC}") = "Exceptionless.Mvc", "Source\Clients\Mvc\Exceptionless.Mvc.csproj", "{811BC612-86AA-4039-BD8F-4ADC27D3EED9}"
EndProject
Project("{FAE04EC0-301F-11D3-BF4B-00C04F79EFBC}") = "Exceptionless.Nancy", "Source\Clients\Nancy\Exceptionless.Nancy.csproj", "{47B49E88-42EC-44FF-B1C2-981699A354E3}"
EndProject
Project("{FAE04EC0-301F-11D3-BF4B-00C04F79EFBC}") = "Exceptionless.Web", "Source\Clients\Web\Exceptionless.Web.csproj", "{DE06EDB4-5D81-4B49-989D-A2C5A1DB6CEC}"
EndProject
Project("{FAE04EC0-301F-11D3-BF4B-00C04F79EFBC}") = "Exceptionless.Windows", "Source\Clients\Windows\Exceptionless.Windows.csproj", "{159FB9D1-E226-4828-B2A5-FEDD994F3525}"
EndProject
Project("{FAE04EC0-301F-11D3-BF4B-00C04F79EFBC}") = "Exceptionless.Wpf", "Source\Clients\Wpf\Exceptionless.Wpf.csproj", "{0F4730E7-953F-4F20-A337-9FB43A9AFBEA}"
EndProject
Project("{2150E333-8FDC-42A3-9474-1A3956D46DE8}") = "Tests", "Tests", "{295DE1D5-5F38-43C5-BAC0-6F48F6A52A0E}"
EndProject
Project("{FAE04EC0-301F-11D3-BF4B-00C04F79EFBC}") = "Exceptionless.Client.Tests", "Source\Clients\Tests\Exceptionless.Client.Tests.csproj", "{9A35FDF7-F76F-44CD-A193-43F608D8A1B5}"
EndProject
Project("{FAE04EC0-301F-11D3-BF4B-00C04F79EFBC}") = "Exceptionless", "Source\Clients\Shared\Exceptionless.csproj", "{E2087C42-6C65-49B7-9E64-B5E69A684220}"
EndProject
Project("{FAE04EC0-301F-11D3-BF4B-00C04F79EFBC}") = "Exceptionless.Core", "Source\Core\Exceptionless.Core.csproj", "{3E5B39D5-7ACD-486B-9F90-59116B67952D}"
EndProject
Project("{2150E333-8FDC-42A3-9474-1A3956D46DE8}") = "Samples", "Samples", "{DAA02D3B-8404-4938-AB04-84AC31C1AD45}"
EndProject
Project("{FAE04EC0-301F-11D3-BF4B-00C04F79EFBC}") = "Exceptionless.SampleWpf", "Source\Samples\SampleWpf\Exceptionless.SampleWpf.csproj", "{C54027FA-B334-49C7-A58B-94B57677556C}"
EndProject
Project("{FAE04EC0-301F-11D3-BF4B-00C04F79EFBC}") = "Exceptionless.SampleWeb", "Source\Samples\SampleWeb\Exceptionless.SampleWeb.csproj", "{DAE5248F-75FC-42CC-96A7-34C470F28641}"
EndProject
Project("{FAE04EC0-301F-11D3-BF4B-00C04F79EFBC}") = "Exceptionless.SampleConsole", "Source\Samples\SampleConsole\Exceptionless.SampleConsole.csproj", "{8B71F45D-0828-4B46-A8FE-F6DCA64F6C9E}"
EndProject
Project("{FAE04EC0-301F-11D3-BF4B-00C04F79EFBC}") = "Exceptionless.SampleWinForms", "Source\Samples\SampleClient\Exceptionless.SampleWinForms.csproj", "{34FE8E6E-247B-46DD-967E-46E45D1CAE6D}"
EndProject
Project("{FAE04EC0-301F-11D3-BF4B-00C04F79EFBC}") = "Exceptionless.Membership", "Source\Membership\Exceptionless.Membership.csproj", "{9C987907-BD64-4100-89D4-F4BCFB77768B}"
EndProject
Project("{2150E333-8FDC-42A3-9474-1A3956D46DE8}") = "Solution Items", "Solution Items", "{98A5A2F7-BBA9-4B65-91C9-88E18D474341}"
	ProjectSection(SolutionItems) = preProject
		CONTRIBUTING.md = CONTRIBUTING.md
		default.ps1 = default.ps1
		Source\Jobs.config = Source\Jobs.config
		LICENSE.txt = LICENSE.txt
		Source\nlog.config = Source\nlog.config
		README.md = README.md
		WebEssentials-Settings.json = WebEssentials-Settings.json
	EndProjectSection
EndProject
Project("{FAE04EC0-301F-11D3-BF4B-00C04F79EFBC}") = "Exceptionless.SampleMvc", "Source\Samples\SampleMvc\Exceptionless.SampleMvc.csproj", "{B7075822-FBB6-4B3A-A639-37C39DC27BB6}"
EndProject
Project("{FAE04EC0-301F-11D3-BF4B-00C04F79EFBC}") = "Exceptionless.WebApi", "Source\Clients\WebApi\Exceptionless.WebApi.csproj", "{D6E6EE87-5869-4A62-8F67-7A685205BCAD}"
EndProject
Project("{FAE04EC0-301F-11D3-BF4B-00C04F79EFBC}") = "MongoMigrations", "Source\MongoMigrations\MongoMigrations.csproj", "{FCB2CF19-EBE7-4DCF-BD48-EC164015BA3F}"
EndProject
Project("{2150E333-8FDC-42A3-9474-1A3956D46DE8}") = "Migrations", "Migrations", "{E37C2237-3223-421C-B94A-2B9FC2411A77}"
EndProject
Project("{FAE04EC0-301F-11D3-BF4B-00C04F79EFBC}") = "RunMongoMigrations", "Source\RunMongoMigrations\RunMongoMigrations.csproj", "{0B4F8485-F0A8-48F7-876F-65490E788DC7}"
EndProject
Project("{FAE04EC0-301F-11D3-BF4B-00C04F79EFBC}") = "SchedulerService", "Source\SchedulerService\SchedulerService.csproj", "{26B3C998-1516-477B-8612-8259EDBF97A8}"
EndProject
Project("{FAE04EC0-301F-11D3-BF4B-00C04F79EFBC}") = "RazorSharpEmail", "Source\RazorSharpEmail\RazorSharpEmail.csproj", "{B551DBCB-E732-4CFB-9361-CD74F1BA82F5}"
EndProject
Project("{FAE04EC0-301F-11D3-BF4B-00C04F79EFBC}") = "Exceptionless.SampleWcf", "Source\Samples\SampleWcf\Exceptionless.SampleWcf.csproj", "{D03FB8BA-EE59-42DD-840F-E7791B4609F0}"
EndProject
Project("{FAE04EC0-301F-11D3-BF4B-00C04F79EFBC}") = "Exceptionless.SampleWebApi", "Source\Samples\SampleWebApi\Exceptionless.SampleWebApi.csproj", "{5DCE1FA4-3E32-4F78-B9F5-7E5BA0EAB814}"
EndProject
Project("{FAE04EC0-301F-11D3-BF4B-00C04F79EFBC}") = "Exceptionless.SampleNancy", "Source\Samples\SampleNancy\Exceptionless.SampleNancy.csproj", "{887A8565-4A10-44C8-82EF-F2F2D1D2BFBF}"
EndProject
Global
	GlobalSection(SolutionConfigurationPlatforms) = preSolution
		Debug|Any CPU = Debug|Any CPU
		Debug|Mixed Platforms = Debug|Mixed Platforms
		Debug|x86 = Debug|x86
		Release|Any CPU = Release|Any CPU
		Release|Mixed Platforms = Release|Mixed Platforms
		Release|x86 = Release|x86
	EndGlobalSection
	GlobalSection(ProjectConfigurationPlatforms) = postSolution
		{75B70E03-6F3D-4B05-979F-8E0BDAAD732C}.Debug|Any CPU.ActiveCfg = Debug|Any CPU
		{75B70E03-6F3D-4B05-979F-8E0BDAAD732C}.Debug|Any CPU.Build.0 = Debug|Any CPU
		{75B70E03-6F3D-4B05-979F-8E0BDAAD732C}.Debug|Mixed Platforms.ActiveCfg = Debug|Any CPU
		{75B70E03-6F3D-4B05-979F-8E0BDAAD732C}.Debug|Mixed Platforms.Build.0 = Debug|Any CPU
		{75B70E03-6F3D-4B05-979F-8E0BDAAD732C}.Debug|x86.ActiveCfg = Debug|Any CPU
		{75B70E03-6F3D-4B05-979F-8E0BDAAD732C}.Release|Any CPU.ActiveCfg = Release|Any CPU
		{75B70E03-6F3D-4B05-979F-8E0BDAAD732C}.Release|Any CPU.Build.0 = Release|Any CPU
		{75B70E03-6F3D-4B05-979F-8E0BDAAD732C}.Release|Mixed Platforms.ActiveCfg = Release|Any CPU
		{75B70E03-6F3D-4B05-979F-8E0BDAAD732C}.Release|Mixed Platforms.Build.0 = Release|Any CPU
		{75B70E03-6F3D-4B05-979F-8E0BDAAD732C}.Release|x86.ActiveCfg = Release|Any CPU
		{A14E78DE-A085-4647-BA2D-E6237D7D8057}.Debug|Any CPU.ActiveCfg = Debug|Any CPU
		{A14E78DE-A085-4647-BA2D-E6237D7D8057}.Debug|Any CPU.Build.0 = Debug|Any CPU
		{A14E78DE-A085-4647-BA2D-E6237D7D8057}.Debug|Mixed Platforms.ActiveCfg = Debug|Any CPU
		{A14E78DE-A085-4647-BA2D-E6237D7D8057}.Debug|Mixed Platforms.Build.0 = Debug|Any CPU
		{A14E78DE-A085-4647-BA2D-E6237D7D8057}.Debug|x86.ActiveCfg = Debug|Any CPU
		{A14E78DE-A085-4647-BA2D-E6237D7D8057}.Release|Any CPU.ActiveCfg = Release|Any CPU
		{A14E78DE-A085-4647-BA2D-E6237D7D8057}.Release|Any CPU.Build.0 = Release|Any CPU
		{A14E78DE-A085-4647-BA2D-E6237D7D8057}.Release|Mixed Platforms.ActiveCfg = Release|Any CPU
		{A14E78DE-A085-4647-BA2D-E6237D7D8057}.Release|Mixed Platforms.Build.0 = Release|Any CPU
		{A14E78DE-A085-4647-BA2D-E6237D7D8057}.Release|x86.ActiveCfg = Release|Any CPU
		{713D0F53-1052-4F0C-8872-5B0050056022}.Debug|Any CPU.ActiveCfg = Debug|Any CPU
		{713D0F53-1052-4F0C-8872-5B0050056022}.Debug|Any CPU.Build.0 = Debug|Any CPU
		{713D0F53-1052-4F0C-8872-5B0050056022}.Debug|Mixed Platforms.ActiveCfg = Debug|Any CPU
		{713D0F53-1052-4F0C-8872-5B0050056022}.Debug|Mixed Platforms.Build.0 = Debug|Any CPU
		{713D0F53-1052-4F0C-8872-5B0050056022}.Debug|x86.ActiveCfg = Debug|Any CPU
		{713D0F53-1052-4F0C-8872-5B0050056022}.Release|Any CPU.ActiveCfg = Release|Any CPU
		{713D0F53-1052-4F0C-8872-5B0050056022}.Release|Any CPU.Build.0 = Release|Any CPU
		{713D0F53-1052-4F0C-8872-5B0050056022}.Release|Mixed Platforms.ActiveCfg = Release|Any CPU
		{713D0F53-1052-4F0C-8872-5B0050056022}.Release|Mixed Platforms.Build.0 = Release|Any CPU
		{713D0F53-1052-4F0C-8872-5B0050056022}.Release|x86.ActiveCfg = Release|Any CPU
		{C2E6E845-B50D-45B8-B188-E2F63B3E468F}.Debug|Any CPU.ActiveCfg = Debug|Any CPU
		{C2E6E845-B50D-45B8-B188-E2F63B3E468F}.Debug|Any CPU.Build.0 = Debug|Any CPU
		{C2E6E845-B50D-45B8-B188-E2F63B3E468F}.Debug|Mixed Platforms.ActiveCfg = Debug|Any CPU
		{C2E6E845-B50D-45B8-B188-E2F63B3E468F}.Debug|Mixed Platforms.Build.0 = Debug|Any CPU
		{C2E6E845-B50D-45B8-B188-E2F63B3E468F}.Debug|x86.ActiveCfg = Debug|Any CPU
		{C2E6E845-B50D-45B8-B188-E2F63B3E468F}.Release|Any CPU.ActiveCfg = Release|Any CPU
		{C2E6E845-B50D-45B8-B188-E2F63B3E468F}.Release|Any CPU.Build.0 = Release|Any CPU
		{C2E6E845-B50D-45B8-B188-E2F63B3E468F}.Release|Mixed Platforms.ActiveCfg = Release|Any CPU
		{C2E6E845-B50D-45B8-B188-E2F63B3E468F}.Release|Mixed Platforms.Build.0 = Release|Any CPU
		{C2E6E845-B50D-45B8-B188-E2F63B3E468F}.Release|x86.ActiveCfg = Release|Any CPU
		{811BC612-86AA-4039-BD8F-4ADC27D3EED9}.Debug|Any CPU.ActiveCfg = Debug|Any CPU
		{811BC612-86AA-4039-BD8F-4ADC27D3EED9}.Debug|Any CPU.Build.0 = Debug|Any CPU
		{811BC612-86AA-4039-BD8F-4ADC27D3EED9}.Debug|Mixed Platforms.ActiveCfg = Debug|Any CPU
		{811BC612-86AA-4039-BD8F-4ADC27D3EED9}.Debug|Mixed Platforms.Build.0 = Debug|Any CPU
		{811BC612-86AA-4039-BD8F-4ADC27D3EED9}.Debug|x86.ActiveCfg = Debug|Any CPU
		{811BC612-86AA-4039-BD8F-4ADC27D3EED9}.Release|Any CPU.ActiveCfg = Release|Any CPU
		{811BC612-86AA-4039-BD8F-4ADC27D3EED9}.Release|Any CPU.Build.0 = Release|Any CPU
		{811BC612-86AA-4039-BD8F-4ADC27D3EED9}.Release|Mixed Platforms.ActiveCfg = Release|Any CPU
		{811BC612-86AA-4039-BD8F-4ADC27D3EED9}.Release|Mixed Platforms.Build.0 = Release|Any CPU
		{811BC612-86AA-4039-BD8F-4ADC27D3EED9}.Release|x86.ActiveCfg = Release|Any CPU
		{47B49E88-42EC-44FF-B1C2-981699A354E3}.Debug|Any CPU.ActiveCfg = Debug|Any CPU
		{47B49E88-42EC-44FF-B1C2-981699A354E3}.Debug|Any CPU.Build.0 = Debug|Any CPU
		{47B49E88-42EC-44FF-B1C2-981699A354E3}.Debug|Mixed Platforms.ActiveCfg = Debug|Any CPU
		{47B49E88-42EC-44FF-B1C2-981699A354E3}.Debug|Mixed Platforms.Build.0 = Debug|Any CPU
		{47B49E88-42EC-44FF-B1C2-981699A354E3}.Debug|x86.ActiveCfg = Debug|Any CPU
		{47B49E88-42EC-44FF-B1C2-981699A354E3}.Release|Any CPU.ActiveCfg = Release|Any CPU
		{47B49E88-42EC-44FF-B1C2-981699A354E3}.Release|Any CPU.Build.0 = Release|Any CPU
		{47B49E88-42EC-44FF-B1C2-981699A354E3}.Release|Mixed Platforms.ActiveCfg = Release|Any CPU
		{47B49E88-42EC-44FF-B1C2-981699A354E3}.Release|Mixed Platforms.Build.0 = Release|Any CPU
		{47B49E88-42EC-44FF-B1C2-981699A354E3}.Release|x86.ActiveCfg = Release|Any CPU
		{DE06EDB4-5D81-4B49-989D-A2C5A1DB6CEC}.Debug|Any CPU.ActiveCfg = Debug|Any CPU
		{DE06EDB4-5D81-4B49-989D-A2C5A1DB6CEC}.Debug|Any CPU.Build.0 = Debug|Any CPU
		{DE06EDB4-5D81-4B49-989D-A2C5A1DB6CEC}.Debug|Mixed Platforms.ActiveCfg = Debug|Any CPU
		{DE06EDB4-5D81-4B49-989D-A2C5A1DB6CEC}.Debug|Mixed Platforms.Build.0 = Debug|Any CPU
		{DE06EDB4-5D81-4B49-989D-A2C5A1DB6CEC}.Debug|x86.ActiveCfg = Debug|Any CPU
		{DE06EDB4-5D81-4B49-989D-A2C5A1DB6CEC}.Release|Any CPU.ActiveCfg = Release|Any CPU
		{DE06EDB4-5D81-4B49-989D-A2C5A1DB6CEC}.Release|Any CPU.Build.0 = Release|Any CPU
		{DE06EDB4-5D81-4B49-989D-A2C5A1DB6CEC}.Release|Mixed Platforms.ActiveCfg = Release|Any CPU
		{DE06EDB4-5D81-4B49-989D-A2C5A1DB6CEC}.Release|Mixed Platforms.Build.0 = Release|Any CPU
		{DE06EDB4-5D81-4B49-989D-A2C5A1DB6CEC}.Release|x86.ActiveCfg = Release|Any CPU
		{159FB9D1-E226-4828-B2A5-FEDD994F3525}.Debug|Any CPU.ActiveCfg = Debug|Any CPU
		{159FB9D1-E226-4828-B2A5-FEDD994F3525}.Debug|Any CPU.Build.0 = Debug|Any CPU
		{159FB9D1-E226-4828-B2A5-FEDD994F3525}.Debug|Mixed Platforms.ActiveCfg = Debug|Any CPU
		{159FB9D1-E226-4828-B2A5-FEDD994F3525}.Debug|Mixed Platforms.Build.0 = Debug|Any CPU
		{159FB9D1-E226-4828-B2A5-FEDD994F3525}.Debug|x86.ActiveCfg = Debug|Any CPU
		{159FB9D1-E226-4828-B2A5-FEDD994F3525}.Release|Any CPU.ActiveCfg = Release|Any CPU
		{159FB9D1-E226-4828-B2A5-FEDD994F3525}.Release|Any CPU.Build.0 = Release|Any CPU
		{159FB9D1-E226-4828-B2A5-FEDD994F3525}.Release|Mixed Platforms.ActiveCfg = Release|Any CPU
		{159FB9D1-E226-4828-B2A5-FEDD994F3525}.Release|Mixed Platforms.Build.0 = Release|Any CPU
		{159FB9D1-E226-4828-B2A5-FEDD994F3525}.Release|x86.ActiveCfg = Release|Any CPU
		{0F4730E7-953F-4F20-A337-9FB43A9AFBEA}.Debug|Any CPU.ActiveCfg = Debug|Any CPU
		{0F4730E7-953F-4F20-A337-9FB43A9AFBEA}.Debug|Any CPU.Build.0 = Debug|Any CPU
		{0F4730E7-953F-4F20-A337-9FB43A9AFBEA}.Debug|Mixed Platforms.ActiveCfg = Debug|Any CPU
		{0F4730E7-953F-4F20-A337-9FB43A9AFBEA}.Debug|Mixed Platforms.Build.0 = Debug|Any CPU
		{0F4730E7-953F-4F20-A337-9FB43A9AFBEA}.Debug|x86.ActiveCfg = Debug|Any CPU
		{0F4730E7-953F-4F20-A337-9FB43A9AFBEA}.Release|Any CPU.ActiveCfg = Release|Any CPU
		{0F4730E7-953F-4F20-A337-9FB43A9AFBEA}.Release|Any CPU.Build.0 = Release|Any CPU
		{0F4730E7-953F-4F20-A337-9FB43A9AFBEA}.Release|Mixed Platforms.ActiveCfg = Release|Any CPU
		{0F4730E7-953F-4F20-A337-9FB43A9AFBEA}.Release|Mixed Platforms.Build.0 = Release|Any CPU
		{0F4730E7-953F-4F20-A337-9FB43A9AFBEA}.Release|x86.ActiveCfg = Release|Any CPU
		{9A35FDF7-F76F-44CD-A193-43F608D8A1B5}.Debug|Any CPU.ActiveCfg = Debug|Any CPU
		{9A35FDF7-F76F-44CD-A193-43F608D8A1B5}.Debug|Any CPU.Build.0 = Debug|Any CPU
		{9A35FDF7-F76F-44CD-A193-43F608D8A1B5}.Debug|Mixed Platforms.ActiveCfg = Debug|Any CPU
		{9A35FDF7-F76F-44CD-A193-43F608D8A1B5}.Debug|Mixed Platforms.Build.0 = Debug|Any CPU
		{9A35FDF7-F76F-44CD-A193-43F608D8A1B5}.Debug|x86.ActiveCfg = Debug|Any CPU
		{9A35FDF7-F76F-44CD-A193-43F608D8A1B5}.Release|Any CPU.ActiveCfg = Release|Any CPU
		{9A35FDF7-F76F-44CD-A193-43F608D8A1B5}.Release|Any CPU.Build.0 = Release|Any CPU
		{9A35FDF7-F76F-44CD-A193-43F608D8A1B5}.Release|Mixed Platforms.ActiveCfg = Release|Any CPU
		{9A35FDF7-F76F-44CD-A193-43F608D8A1B5}.Release|Mixed Platforms.Build.0 = Release|Any CPU
		{9A35FDF7-F76F-44CD-A193-43F608D8A1B5}.Release|x86.ActiveCfg = Release|Any CPU
		{E2087C42-6C65-49B7-9E64-B5E69A684220}.Debug|Any CPU.ActiveCfg = Debug|Any CPU
		{E2087C42-6C65-49B7-9E64-B5E69A684220}.Debug|Any CPU.Build.0 = Debug|Any CPU
		{E2087C42-6C65-49B7-9E64-B5E69A684220}.Debug|Mixed Platforms.ActiveCfg = Debug|Any CPU
		{E2087C42-6C65-49B7-9E64-B5E69A684220}.Debug|Mixed Platforms.Build.0 = Debug|Any CPU
		{E2087C42-6C65-49B7-9E64-B5E69A684220}.Debug|x86.ActiveCfg = Debug|Any CPU
		{E2087C42-6C65-49B7-9E64-B5E69A684220}.Release|Any CPU.ActiveCfg = Release|Any CPU
		{E2087C42-6C65-49B7-9E64-B5E69A684220}.Release|Any CPU.Build.0 = Release|Any CPU
		{E2087C42-6C65-49B7-9E64-B5E69A684220}.Release|Mixed Platforms.ActiveCfg = Release|Any CPU
		{E2087C42-6C65-49B7-9E64-B5E69A684220}.Release|Mixed Platforms.Build.0 = Release|Any CPU
		{E2087C42-6C65-49B7-9E64-B5E69A684220}.Release|x86.ActiveCfg = Release|Any CPU
		{3E5B39D5-7ACD-486B-9F90-59116B67952D}.Debug|Any CPU.ActiveCfg = Debug|Any CPU
		{3E5B39D5-7ACD-486B-9F90-59116B67952D}.Debug|Any CPU.Build.0 = Debug|Any CPU
		{3E5B39D5-7ACD-486B-9F90-59116B67952D}.Debug|Mixed Platforms.ActiveCfg = Debug|Any CPU
		{3E5B39D5-7ACD-486B-9F90-59116B67952D}.Debug|Mixed Platforms.Build.0 = Debug|Any CPU
		{3E5B39D5-7ACD-486B-9F90-59116B67952D}.Debug|x86.ActiveCfg = Debug|Any CPU
		{3E5B39D5-7ACD-486B-9F90-59116B67952D}.Release|Any CPU.ActiveCfg = Release|Any CPU
		{3E5B39D5-7ACD-486B-9F90-59116B67952D}.Release|Any CPU.Build.0 = Release|Any CPU
		{3E5B39D5-7ACD-486B-9F90-59116B67952D}.Release|Mixed Platforms.ActiveCfg = Release|Any CPU
		{3E5B39D5-7ACD-486B-9F90-59116B67952D}.Release|Mixed Platforms.Build.0 = Release|Any CPU
		{3E5B39D5-7ACD-486B-9F90-59116B67952D}.Release|x86.ActiveCfg = Release|Any CPU
		{C54027FA-B334-49C7-A58B-94B57677556C}.Debug|Any CPU.ActiveCfg = Debug|Any CPU
		{C54027FA-B334-49C7-A58B-94B57677556C}.Debug|Any CPU.Build.0 = Debug|Any CPU
		{C54027FA-B334-49C7-A58B-94B57677556C}.Debug|Mixed Platforms.ActiveCfg = Debug|Any CPU
		{C54027FA-B334-49C7-A58B-94B57677556C}.Debug|Mixed Platforms.Build.0 = Debug|Any CPU
		{C54027FA-B334-49C7-A58B-94B57677556C}.Debug|x86.ActiveCfg = Debug|Any CPU
		{C54027FA-B334-49C7-A58B-94B57677556C}.Release|Any CPU.ActiveCfg = Release|Any CPU
		{C54027FA-B334-49C7-A58B-94B57677556C}.Release|Any CPU.Build.0 = Release|Any CPU
		{C54027FA-B334-49C7-A58B-94B57677556C}.Release|Mixed Platforms.ActiveCfg = Release|Any CPU
		{C54027FA-B334-49C7-A58B-94B57677556C}.Release|Mixed Platforms.Build.0 = Release|Any CPU
		{C54027FA-B334-49C7-A58B-94B57677556C}.Release|x86.ActiveCfg = Release|Any CPU
		{DAE5248F-75FC-42CC-96A7-34C470F28641}.Debug|Any CPU.ActiveCfg = Debug|Any CPU
		{DAE5248F-75FC-42CC-96A7-34C470F28641}.Debug|Any CPU.Build.0 = Debug|Any CPU
		{DAE5248F-75FC-42CC-96A7-34C470F28641}.Debug|Mixed Platforms.ActiveCfg = Debug|Any CPU
		{DAE5248F-75FC-42CC-96A7-34C470F28641}.Debug|Mixed Platforms.Build.0 = Debug|Any CPU
		{DAE5248F-75FC-42CC-96A7-34C470F28641}.Debug|x86.ActiveCfg = Debug|Any CPU
		{DAE5248F-75FC-42CC-96A7-34C470F28641}.Release|Any CPU.ActiveCfg = Release|Any CPU
		{DAE5248F-75FC-42CC-96A7-34C470F28641}.Release|Any CPU.Build.0 = Release|Any CPU
		{DAE5248F-75FC-42CC-96A7-34C470F28641}.Release|Mixed Platforms.ActiveCfg = Release|Any CPU
		{DAE5248F-75FC-42CC-96A7-34C470F28641}.Release|x86.ActiveCfg = Release|Any CPU
		{8B71F45D-0828-4B46-A8FE-F6DCA64F6C9E}.Debug|Any CPU.ActiveCfg = Debug|Any CPU
		{8B71F45D-0828-4B46-A8FE-F6DCA64F6C9E}.Debug|Any CPU.Build.0 = Debug|Any CPU
		{8B71F45D-0828-4B46-A8FE-F6DCA64F6C9E}.Debug|Mixed Platforms.ActiveCfg = Debug|Any CPU
		{8B71F45D-0828-4B46-A8FE-F6DCA64F6C9E}.Debug|Mixed Platforms.Build.0 = Debug|Any CPU
		{8B71F45D-0828-4B46-A8FE-F6DCA64F6C9E}.Debug|x86.ActiveCfg = Debug|Any CPU
		{8B71F45D-0828-4B46-A8FE-F6DCA64F6C9E}.Release|Any CPU.ActiveCfg = Release|Any CPU
		{8B71F45D-0828-4B46-A8FE-F6DCA64F6C9E}.Release|Any CPU.Build.0 = Release|Any CPU
		{8B71F45D-0828-4B46-A8FE-F6DCA64F6C9E}.Release|Mixed Platforms.ActiveCfg = Release|Any CPU
		{8B71F45D-0828-4B46-A8FE-F6DCA64F6C9E}.Release|Mixed Platforms.Build.0 = Release|Any CPU
		{8B71F45D-0828-4B46-A8FE-F6DCA64F6C9E}.Release|x86.ActiveCfg = Release|Any CPU
		{34FE8E6E-247B-46DD-967E-46E45D1CAE6D}.Debug|Any CPU.ActiveCfg = Debug|Any CPU
		{34FE8E6E-247B-46DD-967E-46E45D1CAE6D}.Debug|Any CPU.Build.0 = Debug|Any CPU
		{34FE8E6E-247B-46DD-967E-46E45D1CAE6D}.Debug|Mixed Platforms.ActiveCfg = Debug|Any CPU
		{34FE8E6E-247B-46DD-967E-46E45D1CAE6D}.Debug|Mixed Platforms.Build.0 = Debug|Any CPU
		{34FE8E6E-247B-46DD-967E-46E45D1CAE6D}.Debug|x86.ActiveCfg = Debug|Any CPU
		{34FE8E6E-247B-46DD-967E-46E45D1CAE6D}.Release|Any CPU.ActiveCfg = Release|Any CPU
		{34FE8E6E-247B-46DD-967E-46E45D1CAE6D}.Release|Any CPU.Build.0 = Release|Any CPU
		{34FE8E6E-247B-46DD-967E-46E45D1CAE6D}.Release|Mixed Platforms.ActiveCfg = Release|Any CPU
		{34FE8E6E-247B-46DD-967E-46E45D1CAE6D}.Release|Mixed Platforms.Build.0 = Release|Any CPU
		{34FE8E6E-247B-46DD-967E-46E45D1CAE6D}.Release|x86.ActiveCfg = Release|Any CPU
		{9C987907-BD64-4100-89D4-F4BCFB77768B}.Debug|Any CPU.ActiveCfg = Debug|Any CPU
		{9C987907-BD64-4100-89D4-F4BCFB77768B}.Debug|Any CPU.Build.0 = Debug|Any CPU
		{9C987907-BD64-4100-89D4-F4BCFB77768B}.Debug|Mixed Platforms.ActiveCfg = Debug|Any CPU
		{9C987907-BD64-4100-89D4-F4BCFB77768B}.Debug|Mixed Platforms.Build.0 = Debug|Any CPU
		{9C987907-BD64-4100-89D4-F4BCFB77768B}.Debug|x86.ActiveCfg = Debug|Any CPU
		{9C987907-BD64-4100-89D4-F4BCFB77768B}.Release|Any CPU.ActiveCfg = Release|Any CPU
		{9C987907-BD64-4100-89D4-F4BCFB77768B}.Release|Any CPU.Build.0 = Release|Any CPU
		{9C987907-BD64-4100-89D4-F4BCFB77768B}.Release|Mixed Platforms.ActiveCfg = Release|Any CPU
		{9C987907-BD64-4100-89D4-F4BCFB77768B}.Release|Mixed Platforms.Build.0 = Release|Any CPU
		{9C987907-BD64-4100-89D4-F4BCFB77768B}.Release|x86.ActiveCfg = Release|Any CPU
		{B7075822-FBB6-4B3A-A639-37C39DC27BB6}.Debug|Any CPU.ActiveCfg = Debug|Any CPU
		{B7075822-FBB6-4B3A-A639-37C39DC27BB6}.Debug|Any CPU.Build.0 = Debug|Any CPU
		{B7075822-FBB6-4B3A-A639-37C39DC27BB6}.Debug|Mixed Platforms.ActiveCfg = Debug|Any CPU
		{B7075822-FBB6-4B3A-A639-37C39DC27BB6}.Debug|Mixed Platforms.Build.0 = Debug|Any CPU
		{B7075822-FBB6-4B3A-A639-37C39DC27BB6}.Debug|x86.ActiveCfg = Debug|Any CPU
		{B7075822-FBB6-4B3A-A639-37C39DC27BB6}.Release|Any CPU.ActiveCfg = Release|Any CPU
		{B7075822-FBB6-4B3A-A639-37C39DC27BB6}.Release|Any CPU.Build.0 = Release|Any CPU
		{B7075822-FBB6-4B3A-A639-37C39DC27BB6}.Release|Mixed Platforms.ActiveCfg = Release|Any CPU
		{B7075822-FBB6-4B3A-A639-37C39DC27BB6}.Release|x86.ActiveCfg = Release|Any CPU
		{D6E6EE87-5869-4A62-8F67-7A685205BCAD}.Debug|Any CPU.ActiveCfg = Debug|Any CPU
		{D6E6EE87-5869-4A62-8F67-7A685205BCAD}.Debug|Any CPU.Build.0 = Debug|Any CPU
		{D6E6EE87-5869-4A62-8F67-7A685205BCAD}.Debug|Mixed Platforms.ActiveCfg = Debug|Any CPU
		{D6E6EE87-5869-4A62-8F67-7A685205BCAD}.Debug|Mixed Platforms.Build.0 = Debug|Any CPU
		{D6E6EE87-5869-4A62-8F67-7A685205BCAD}.Debug|x86.ActiveCfg = Debug|Any CPU
		{D6E6EE87-5869-4A62-8F67-7A685205BCAD}.Release|Any CPU.ActiveCfg = Release|Any CPU
		{D6E6EE87-5869-4A62-8F67-7A685205BCAD}.Release|Any CPU.Build.0 = Release|Any CPU
		{D6E6EE87-5869-4A62-8F67-7A685205BCAD}.Release|Mixed Platforms.ActiveCfg = Release|Any CPU
		{D6E6EE87-5869-4A62-8F67-7A685205BCAD}.Release|Mixed Platforms.Build.0 = Release|Any CPU
		{D6E6EE87-5869-4A62-8F67-7A685205BCAD}.Release|x86.ActiveCfg = Release|Any CPU
		{FCB2CF19-EBE7-4DCF-BD48-EC164015BA3F}.Debug|Any CPU.ActiveCfg = Debug|Any CPU
		{FCB2CF19-EBE7-4DCF-BD48-EC164015BA3F}.Debug|Any CPU.Build.0 = Debug|Any CPU
		{FCB2CF19-EBE7-4DCF-BD48-EC164015BA3F}.Debug|Mixed Platforms.ActiveCfg = Debug|Any CPU
		{FCB2CF19-EBE7-4DCF-BD48-EC164015BA3F}.Debug|Mixed Platforms.Build.0 = Debug|Any CPU
		{FCB2CF19-EBE7-4DCF-BD48-EC164015BA3F}.Debug|x86.ActiveCfg = Debug|Any CPU
		{FCB2CF19-EBE7-4DCF-BD48-EC164015BA3F}.Release|Any CPU.ActiveCfg = Release|Any CPU
		{FCB2CF19-EBE7-4DCF-BD48-EC164015BA3F}.Release|Any CPU.Build.0 = Release|Any CPU
		{FCB2CF19-EBE7-4DCF-BD48-EC164015BA3F}.Release|Mixed Platforms.ActiveCfg = Release|Any CPU
		{FCB2CF19-EBE7-4DCF-BD48-EC164015BA3F}.Release|Mixed Platforms.Build.0 = Release|Any CPU
		{FCB2CF19-EBE7-4DCF-BD48-EC164015BA3F}.Release|x86.ActiveCfg = Release|Any CPU
		{0B4F8485-F0A8-48F7-876F-65490E788DC7}.Debug|Any CPU.ActiveCfg = Debug|x86
		{0B4F8485-F0A8-48F7-876F-65490E788DC7}.Debug|Mixed Platforms.ActiveCfg = Debug|x86
		{0B4F8485-F0A8-48F7-876F-65490E788DC7}.Debug|Mixed Platforms.Build.0 = Debug|x86
		{0B4F8485-F0A8-48F7-876F-65490E788DC7}.Debug|x86.ActiveCfg = Debug|x86
		{0B4F8485-F0A8-48F7-876F-65490E788DC7}.Debug|x86.Build.0 = Debug|x86
		{0B4F8485-F0A8-48F7-876F-65490E788DC7}.Release|Any CPU.ActiveCfg = Release|x86
		{0B4F8485-F0A8-48F7-876F-65490E788DC7}.Release|Mixed Platforms.ActiveCfg = Release|x86
		{0B4F8485-F0A8-48F7-876F-65490E788DC7}.Release|Mixed Platforms.Build.0 = Release|x86
		{0B4F8485-F0A8-48F7-876F-65490E788DC7}.Release|x86.ActiveCfg = Release|x86
		{0B4F8485-F0A8-48F7-876F-65490E788DC7}.Release|x86.Build.0 = Release|x86
		{26B3C998-1516-477B-8612-8259EDBF97A8}.Debug|Any CPU.ActiveCfg = Debug|Any CPU
		{26B3C998-1516-477B-8612-8259EDBF97A8}.Debug|Any CPU.Build.0 = Debug|Any CPU
		{26B3C998-1516-477B-8612-8259EDBF97A8}.Debug|Mixed Platforms.ActiveCfg = Debug|Any CPU
		{26B3C998-1516-477B-8612-8259EDBF97A8}.Debug|Mixed Platforms.Build.0 = Debug|Any CPU
		{26B3C998-1516-477B-8612-8259EDBF97A8}.Debug|x86.ActiveCfg = Debug|Any CPU
		{26B3C998-1516-477B-8612-8259EDBF97A8}.Release|Any CPU.ActiveCfg = Release|Any CPU
		{26B3C998-1516-477B-8612-8259EDBF97A8}.Release|Any CPU.Build.0 = Release|Any CPU
		{26B3C998-1516-477B-8612-8259EDBF97A8}.Release|Mixed Platforms.ActiveCfg = Release|Any CPU
		{26B3C998-1516-477B-8612-8259EDBF97A8}.Release|Mixed Platforms.Build.0 = Release|Any CPU
		{26B3C998-1516-477B-8612-8259EDBF97A8}.Release|x86.ActiveCfg = Release|Any CPU
		{B551DBCB-E732-4CFB-9361-CD74F1BA82F5}.Debug|Any CPU.ActiveCfg = Debug|Any CPU
		{B551DBCB-E732-4CFB-9361-CD74F1BA82F5}.Debug|Any CPU.Build.0 = Debug|Any CPU
		{B551DBCB-E732-4CFB-9361-CD74F1BA82F5}.Debug|Mixed Platforms.ActiveCfg = Debug|Any CPU
		{B551DBCB-E732-4CFB-9361-CD74F1BA82F5}.Debug|Mixed Platforms.Build.0 = Debug|Any CPU
		{B551DBCB-E732-4CFB-9361-CD74F1BA82F5}.Debug|x86.ActiveCfg = Debug|Any CPU
		{B551DBCB-E732-4CFB-9361-CD74F1BA82F5}.Release|Any CPU.ActiveCfg = Release|Any CPU
		{B551DBCB-E732-4CFB-9361-CD74F1BA82F5}.Release|Any CPU.Build.0 = Release|Any CPU
		{B551DBCB-E732-4CFB-9361-CD74F1BA82F5}.Release|Mixed Platforms.ActiveCfg = Release|Any CPU
		{B551DBCB-E732-4CFB-9361-CD74F1BA82F5}.Release|Mixed Platforms.Build.0 = Release|Any CPU
		{B551DBCB-E732-4CFB-9361-CD74F1BA82F5}.Release|x86.ActiveCfg = Release|Any CPU
		{D03FB8BA-EE59-42DD-840F-E7791B4609F0}.Debug|Any CPU.ActiveCfg = Debug|Any CPU
		{D03FB8BA-EE59-42DD-840F-E7791B4609F0}.Debug|Any CPU.Build.0 = Debug|Any CPU
		{D03FB8BA-EE59-42DD-840F-E7791B4609F0}.Debug|Mixed Platforms.ActiveCfg = Debug|Any CPU
		{D03FB8BA-EE59-42DD-840F-E7791B4609F0}.Debug|Mixed Platforms.Build.0 = Debug|Any CPU
		{D03FB8BA-EE59-42DD-840F-E7791B4609F0}.Debug|x86.ActiveCfg = Debug|Any CPU
		{D03FB8BA-EE59-42DD-840F-E7791B4609F0}.Release|Any CPU.ActiveCfg = Release|Any CPU
		{D03FB8BA-EE59-42DD-840F-E7791B4609F0}.Release|Any CPU.Build.0 = Release|Any CPU
		{D03FB8BA-EE59-42DD-840F-E7791B4609F0}.Release|Mixed Platforms.ActiveCfg = Release|Any CPU
		{D03FB8BA-EE59-42DD-840F-E7791B4609F0}.Release|Mixed Platforms.Build.0 = Release|Any CPU
		{D03FB8BA-EE59-42DD-840F-E7791B4609F0}.Release|x86.ActiveCfg = Release|Any CPU
		{5DCE1FA4-3E32-4F78-B9F5-7E5BA0EAB814}.Debug|Any CPU.ActiveCfg = Debug|Any CPU
		{5DCE1FA4-3E32-4F78-B9F5-7E5BA0EAB814}.Debug|Any CPU.Build.0 = Debug|Any CPU
		{5DCE1FA4-3E32-4F78-B9F5-7E5BA0EAB814}.Debug|Mixed Platforms.ActiveCfg = Debug|Any CPU
		{5DCE1FA4-3E32-4F78-B9F5-7E5BA0EAB814}.Debug|Mixed Platforms.Build.0 = Debug|Any CPU
		{5DCE1FA4-3E32-4F78-B9F5-7E5BA0EAB814}.Debug|x86.ActiveCfg = Debug|Any CPU
		{5DCE1FA4-3E32-4F78-B9F5-7E5BA0EAB814}.Release|Any CPU.ActiveCfg = Release|Any CPU
		{5DCE1FA4-3E32-4F78-B9F5-7E5BA0EAB814}.Release|Any CPU.Build.0 = Release|Any CPU
		{5DCE1FA4-3E32-4F78-B9F5-7E5BA0EAB814}.Release|Mixed Platforms.ActiveCfg = Release|Any CPU
		{5DCE1FA4-3E32-4F78-B9F5-7E5BA0EAB814}.Release|Mixed Platforms.Build.0 = Release|Any CPU
		{5DCE1FA4-3E32-4F78-B9F5-7E5BA0EAB814}.Release|x86.ActiveCfg = Release|Any CPU
		{887A8565-4A10-44C8-82EF-F2F2D1D2BFBF}.Debug|Any CPU.ActiveCfg = Debug|Any CPU
		{887A8565-4A10-44C8-82EF-F2F2D1D2BFBF}.Debug|Any CPU.Build.0 = Debug|Any CPU
		{887A8565-4A10-44C8-82EF-F2F2D1D2BFBF}.Debug|Mixed Platforms.ActiveCfg = Debug|Any CPU
		{887A8565-4A10-44C8-82EF-F2F2D1D2BFBF}.Debug|Mixed Platforms.Build.0 = Debug|Any CPU
		{887A8565-4A10-44C8-82EF-F2F2D1D2BFBF}.Debug|x86.ActiveCfg = Debug|Any CPU
		{887A8565-4A10-44C8-82EF-F2F2D1D2BFBF}.Release|Any CPU.ActiveCfg = Release|Any CPU
		{887A8565-4A10-44C8-82EF-F2F2D1D2BFBF}.Release|Any CPU.Build.0 = Release|Any CPU
		{887A8565-4A10-44C8-82EF-F2F2D1D2BFBF}.Release|Mixed Platforms.ActiveCfg = Release|Any CPU
		{887A8565-4A10-44C8-82EF-F2F2D1D2BFBF}.Release|Mixed Platforms.Build.0 = Release|Any CPU
		{887A8565-4A10-44C8-82EF-F2F2D1D2BFBF}.Release|x86.ActiveCfg = Release|Any CPU
	EndGlobalSection
	GlobalSection(SolutionProperties) = preSolution
		HideSolutionNode = FALSE
	EndGlobalSection
	GlobalSection(NestedProjects) = preSolution
		{713D0F53-1052-4F0C-8872-5B0050056022} = {295DE1D5-5F38-43C5-BAC0-6F48F6A52A0E}
		{9A35FDF7-F76F-44CD-A193-43F608D8A1B5} = {295DE1D5-5F38-43C5-BAC0-6F48F6A52A0E}
		{811BC612-86AA-4039-BD8F-4ADC27D3EED9} = {AD891FB6-E07A-47DB-AA64-B68AA8DEB7CA}
		{47B49E88-42EC-44FF-B1C2-981699A354E3} = {AD891FB6-E07A-47DB-AA64-B68AA8DEB7CA}
		{DE06EDB4-5D81-4B49-989D-A2C5A1DB6CEC} = {AD891FB6-E07A-47DB-AA64-B68AA8DEB7CA}
		{159FB9D1-E226-4828-B2A5-FEDD994F3525} = {AD891FB6-E07A-47DB-AA64-B68AA8DEB7CA}
		{0F4730E7-953F-4F20-A337-9FB43A9AFBEA} = {AD891FB6-E07A-47DB-AA64-B68AA8DEB7CA}
		{E2087C42-6C65-49B7-9E64-B5E69A684220} = {AD891FB6-E07A-47DB-AA64-B68AA8DEB7CA}
		{D6E6EE87-5869-4A62-8F67-7A685205BCAD} = {AD891FB6-E07A-47DB-AA64-B68AA8DEB7CA}
		{C54027FA-B334-49C7-A58B-94B57677556C} = {DAA02D3B-8404-4938-AB04-84AC31C1AD45}
		{DAE5248F-75FC-42CC-96A7-34C470F28641} = {DAA02D3B-8404-4938-AB04-84AC31C1AD45}
		{8B71F45D-0828-4B46-A8FE-F6DCA64F6C9E} = {DAA02D3B-8404-4938-AB04-84AC31C1AD45}
		{34FE8E6E-247B-46DD-967E-46E45D1CAE6D} = {DAA02D3B-8404-4938-AB04-84AC31C1AD45}
		{B7075822-FBB6-4B3A-A639-37C39DC27BB6} = {DAA02D3B-8404-4938-AB04-84AC31C1AD45}
		{D03FB8BA-EE59-42DD-840F-E7791B4609F0} = {DAA02D3B-8404-4938-AB04-84AC31C1AD45}
		{5DCE1FA4-3E32-4F78-B9F5-7E5BA0EAB814} = {DAA02D3B-8404-4938-AB04-84AC31C1AD45}
		{887A8565-4A10-44C8-82EF-F2F2D1D2BFBF} = {DAA02D3B-8404-4938-AB04-84AC31C1AD45}
		{FCB2CF19-EBE7-4DCF-BD48-EC164015BA3F} = {E37C2237-3223-421C-B94A-2B9FC2411A77}
		{0B4F8485-F0A8-48F7-876F-65490E788DC7} = {E37C2237-3223-421C-B94A-2B9FC2411A77}
	EndGlobalSection
EndGlobal
