
Microsoft Visual Studio Solution File, Format Version 12.00
# Visual Studio 2013
VisualStudioVersion = 12.0.31101.0
MinimumVisualStudioVersion = 10.0.40219.1
Project("{FAE04EC0-301F-11D3-BF4B-00C04F79EFBC}") = "Exceptionless.Models", "Source\Models\Exceptionless.Models.csproj", "{A14E78DE-A085-4647-BA2D-E6237D7D8057}"
EndProject
Project("{FAE04EC0-301F-11D3-BF4B-00C04F79EFBC}") = "CodeSmith.Core", "Source\CodeSmith.Core\CodeSmith.Core.csproj", "{C2E6E845-B50D-45B8-B188-E2F63B3E468F}"
EndProject
Project("{2150E333-8FDC-42A3-9474-1A3956D46DE8}") = "Tests", "Tests", "{295DE1D5-5F38-43C5-BAC0-6F48F6A52A0E}"
EndProject
Project("{FAE04EC0-301F-11D3-BF4B-00C04F79EFBC}") = "Exceptionless.Core", "Source\Core\Exceptionless.Core.csproj", "{3E5B39D5-7ACD-486B-9F90-59116B67952D}"
EndProject
Project("{2150E333-8FDC-42A3-9474-1A3956D46DE8}") = "Solution Items", "Solution Items", "{98A5A2F7-BBA9-4B65-91C9-88E18D474341}"
	ProjectSection(SolutionItems) = preProject
		CONTRIBUTING.md = CONTRIBUTING.md
		default.ps1 = default.ps1
		Source\Jobs.config = Source\Jobs.config
		LICENSE.txt = LICENSE.txt
		Source\nlog.config = Source\nlog.config
		README.md = README.md
		WebEssentials-Settings.json = WebEssentials-Settings.json
	EndProjectSection
EndProject
Project("{FAE04EC0-301F-11D3-BF4B-00C04F79EFBC}") = "MongoMigrations", "Source\MongoMigrations\MongoMigrations.csproj", "{FCB2CF19-EBE7-4DCF-BD48-EC164015BA3F}"
EndProject
Project("{2150E333-8FDC-42A3-9474-1A3956D46DE8}") = "Migrations", "Migrations", "{E37C2237-3223-421C-B94A-2B9FC2411A77}"
EndProject
Project("{FAE04EC0-301F-11D3-BF4B-00C04F79EFBC}") = "RunMongoMigrations", "Source\RunMongoMigrations\RunMongoMigrations.csproj", "{0B4F8485-F0A8-48F7-876F-65490E788DC7}"
EndProject
Project("{FAE04EC0-301F-11D3-BF4B-00C04F79EFBC}") = "RazorSharpEmail", "Source\RazorSharpEmail\RazorSharpEmail.csproj", "{B551DBCB-E732-4CFB-9361-CD74F1BA82F5}"
EndProject
Project("{FAE04EC0-301F-11D3-BF4B-00C04F79EFBC}") = "Exceptionless.Api.IIS", "Source\Api.IIS\Exceptionless.Api.IIS.csproj", "{50717168-44E5-4E69-95EC-EED839630323}"
EndProject
Project("{FAE04EC0-301F-11D3-BF4B-00C04F79EFBC}") = "Exceptionless.Api", "Source\Api\Exceptionless.Api.csproj", "{6819B8D7-2364-426B-A944-1B4CBAF4BC32}"
EndProject
Project("{FAE04EC0-301F-11D3-BF4B-00C04F79EFBC}") = "Exceptionless.Api.Tests", "Source\Api.Tests\Exceptionless.Api.Tests.csproj", "{5D52E3FE-A13B-4B27-9259-FCD1F66B751C}"
EndProject
Project("{FAE04EC0-301F-11D3-BF4B-00C04F79EFBC}") = "Exceptionless.JobRunner", "Source\JobRunner\Exceptionless.JobRunner.csproj", "{1ADFB25D-B702-4969-8818-F393BB5C2F05}"
EndProject
Project("{2150E333-8FDC-42A3-9474-1A3956D46DE8}") = "Jobs", "Jobs", "{EC9CB033-7AF6-4B8A-AA86-0C7E0AEACD65}"
EndProject
Global
	GlobalSection(SolutionConfigurationPlatforms) = preSolution
		Debug|Any CPU = Debug|Any CPU
		Debug|Mixed Platforms = Debug|Mixed Platforms
		Debug|x86 = Debug|x86
		Release|Any CPU = Release|Any CPU
		Release|Mixed Platforms = Release|Mixed Platforms
		Release|x86 = Release|x86
	EndGlobalSection
	GlobalSection(ProjectConfigurationPlatforms) = postSolution
		{A14E78DE-A085-4647-BA2D-E6237D7D8057}.Debug|Any CPU.ActiveCfg = Debug|Any CPU
		{A14E78DE-A085-4647-BA2D-E6237D7D8057}.Debug|Any CPU.Build.0 = Debug|Any CPU
		{A14E78DE-A085-4647-BA2D-E6237D7D8057}.Debug|Mixed Platforms.ActiveCfg = Debug|Any CPU
		{A14E78DE-A085-4647-BA2D-E6237D7D8057}.Debug|Mixed Platforms.Build.0 = Debug|Any CPU
		{A14E78DE-A085-4647-BA2D-E6237D7D8057}.Debug|x86.ActiveCfg = Debug|Any CPU
		{A14E78DE-A085-4647-BA2D-E6237D7D8057}.Release|Any CPU.ActiveCfg = Release|Any CPU
		{A14E78DE-A085-4647-BA2D-E6237D7D8057}.Release|Any CPU.Build.0 = Release|Any CPU
		{A14E78DE-A085-4647-BA2D-E6237D7D8057}.Release|Mixed Platforms.ActiveCfg = Release|Any CPU
		{A14E78DE-A085-4647-BA2D-E6237D7D8057}.Release|Mixed Platforms.Build.0 = Release|Any CPU
		{A14E78DE-A085-4647-BA2D-E6237D7D8057}.Release|x86.ActiveCfg = Release|Any CPU
		{C2E6E845-B50D-45B8-B188-E2F63B3E468F}.Debug|Any CPU.ActiveCfg = Debug|Any CPU
		{C2E6E845-B50D-45B8-B188-E2F63B3E468F}.Debug|Any CPU.Build.0 = Debug|Any CPU
		{C2E6E845-B50D-45B8-B188-E2F63B3E468F}.Debug|Mixed Platforms.ActiveCfg = Debug|Any CPU
		{C2E6E845-B50D-45B8-B188-E2F63B3E468F}.Debug|Mixed Platforms.Build.0 = Debug|Any CPU
		{C2E6E845-B50D-45B8-B188-E2F63B3E468F}.Debug|x86.ActiveCfg = Debug|Any CPU
		{C2E6E845-B50D-45B8-B188-E2F63B3E468F}.Release|Any CPU.ActiveCfg = Release|Any CPU
		{C2E6E845-B50D-45B8-B188-E2F63B3E468F}.Release|Any CPU.Build.0 = Release|Any CPU
		{C2E6E845-B50D-45B8-B188-E2F63B3E468F}.Release|Mixed Platforms.ActiveCfg = Release|Any CPU
		{C2E6E845-B50D-45B8-B188-E2F63B3E468F}.Release|Mixed Platforms.Build.0 = Release|Any CPU
		{C2E6E845-B50D-45B8-B188-E2F63B3E468F}.Release|x86.ActiveCfg = Release|Any CPU
		{3E5B39D5-7ACD-486B-9F90-59116B67952D}.Debug|Any CPU.ActiveCfg = Debug|Any CPU
		{3E5B39D5-7ACD-486B-9F90-59116B67952D}.Debug|Any CPU.Build.0 = Debug|Any CPU
		{3E5B39D5-7ACD-486B-9F90-59116B67952D}.Debug|Mixed Platforms.ActiveCfg = Debug|Any CPU
		{3E5B39D5-7ACD-486B-9F90-59116B67952D}.Debug|Mixed Platforms.Build.0 = Debug|Any CPU
		{3E5B39D5-7ACD-486B-9F90-59116B67952D}.Debug|x86.ActiveCfg = Debug|Any CPU
		{3E5B39D5-7ACD-486B-9F90-59116B67952D}.Release|Any CPU.ActiveCfg = Release|Any CPU
		{3E5B39D5-7ACD-486B-9F90-59116B67952D}.Release|Any CPU.Build.0 = Release|Any CPU
		{3E5B39D5-7ACD-486B-9F90-59116B67952D}.Release|Mixed Platforms.ActiveCfg = Release|Any CPU
		{3E5B39D5-7ACD-486B-9F90-59116B67952D}.Release|Mixed Platforms.Build.0 = Release|Any CPU
		{3E5B39D5-7ACD-486B-9F90-59116B67952D}.Release|x86.ActiveCfg = Release|Any CPU
		{FCB2CF19-EBE7-4DCF-BD48-EC164015BA3F}.Debug|Any CPU.ActiveCfg = Debug|Any CPU
		{FCB2CF19-EBE7-4DCF-BD48-EC164015BA3F}.Debug|Any CPU.Build.0 = Debug|Any CPU
		{FCB2CF19-EBE7-4DCF-BD48-EC164015BA3F}.Debug|Mixed Platforms.ActiveCfg = Debug|Any CPU
		{FCB2CF19-EBE7-4DCF-BD48-EC164015BA3F}.Debug|Mixed Platforms.Build.0 = Debug|Any CPU
		{FCB2CF19-EBE7-4DCF-BD48-EC164015BA3F}.Debug|x86.ActiveCfg = Debug|Any CPU
		{FCB2CF19-EBE7-4DCF-BD48-EC164015BA3F}.Release|Any CPU.ActiveCfg = Release|Any CPU
		{FCB2CF19-EBE7-4DCF-BD48-EC164015BA3F}.Release|Any CPU.Build.0 = Release|Any CPU
		{FCB2CF19-EBE7-4DCF-BD48-EC164015BA3F}.Release|Mixed Platforms.ActiveCfg = Release|Any CPU
		{FCB2CF19-EBE7-4DCF-BD48-EC164015BA3F}.Release|Mixed Platforms.Build.0 = Release|Any CPU
		{FCB2CF19-EBE7-4DCF-BD48-EC164015BA3F}.Release|x86.ActiveCfg = Release|Any CPU
		{0B4F8485-F0A8-48F7-876F-65490E788DC7}.Debug|Any CPU.ActiveCfg = Debug|Any CPU
		{0B4F8485-F0A8-48F7-876F-65490E788DC7}.Debug|Any CPU.Build.0 = Debug|Any CPU
		{0B4F8485-F0A8-48F7-876F-65490E788DC7}.Debug|Mixed Platforms.ActiveCfg = Debug|x86
		{0B4F8485-F0A8-48F7-876F-65490E788DC7}.Debug|Mixed Platforms.Build.0 = Debug|x86
		{0B4F8485-F0A8-48F7-876F-65490E788DC7}.Debug|x86.ActiveCfg = Debug|x86
		{0B4F8485-F0A8-48F7-876F-65490E788DC7}.Debug|x86.Build.0 = Debug|x86
		{0B4F8485-F0A8-48F7-876F-65490E788DC7}.Release|Any CPU.ActiveCfg = Release|x86
		{0B4F8485-F0A8-48F7-876F-65490E788DC7}.Release|Mixed Platforms.ActiveCfg = Release|x86
		{0B4F8485-F0A8-48F7-876F-65490E788DC7}.Release|Mixed Platforms.Build.0 = Release|x86
		{0B4F8485-F0A8-48F7-876F-65490E788DC7}.Release|x86.ActiveCfg = Release|x86
		{0B4F8485-F0A8-48F7-876F-65490E788DC7}.Release|x86.Build.0 = Release|x86
		{B551DBCB-E732-4CFB-9361-CD74F1BA82F5}.Debug|Any CPU.ActiveCfg = Debug|Any CPU
		{B551DBCB-E732-4CFB-9361-CD74F1BA82F5}.Debug|Any CPU.Build.0 = Debug|Any CPU
		{B551DBCB-E732-4CFB-9361-CD74F1BA82F5}.Debug|Mixed Platforms.ActiveCfg = Debug|Any CPU
		{B551DBCB-E732-4CFB-9361-CD74F1BA82F5}.Debug|Mixed Platforms.Build.0 = Debug|Any CPU
		{B551DBCB-E732-4CFB-9361-CD74F1BA82F5}.Debug|x86.ActiveCfg = Debug|Any CPU
		{B551DBCB-E732-4CFB-9361-CD74F1BA82F5}.Release|Any CPU.ActiveCfg = Release|Any CPU
		{B551DBCB-E732-4CFB-9361-CD74F1BA82F5}.Release|Any CPU.Build.0 = Release|Any CPU
		{B551DBCB-E732-4CFB-9361-CD74F1BA82F5}.Release|Mixed Platforms.ActiveCfg = Release|Any CPU
		{B551DBCB-E732-4CFB-9361-CD74F1BA82F5}.Release|Mixed Platforms.Build.0 = Release|Any CPU
		{B551DBCB-E732-4CFB-9361-CD74F1BA82F5}.Release|x86.ActiveCfg = Release|Any CPU
		{50717168-44E5-4E69-95EC-EED839630323}.Debug|Any CPU.ActiveCfg = Debug|Any CPU
		{50717168-44E5-4E69-95EC-EED839630323}.Debug|Any CPU.Build.0 = Debug|Any CPU
		{50717168-44E5-4E69-95EC-EED839630323}.Debug|Mixed Platforms.ActiveCfg = Debug|Any CPU
		{50717168-44E5-4E69-95EC-EED839630323}.Debug|Mixed Platforms.Build.0 = Debug|Any CPU
		{50717168-44E5-4E69-95EC-EED839630323}.Debug|x86.ActiveCfg = Debug|Any CPU
		{50717168-44E5-4E69-95EC-EED839630323}.Release|Any CPU.ActiveCfg = Release|Any CPU
		{50717168-44E5-4E69-95EC-EED839630323}.Release|Any CPU.Build.0 = Release|Any CPU
		{50717168-44E5-4E69-95EC-EED839630323}.Release|Mixed Platforms.ActiveCfg = Release|Any CPU
		{50717168-44E5-4E69-95EC-EED839630323}.Release|Mixed Platforms.Build.0 = Release|Any CPU
		{50717168-44E5-4E69-95EC-EED839630323}.Release|x86.ActiveCfg = Release|Any CPU
		{6819B8D7-2364-426B-A944-1B4CBAF4BC32}.Debug|Any CPU.ActiveCfg = Debug|Any CPU
		{6819B8D7-2364-426B-A944-1B4CBAF4BC32}.Debug|Any CPU.Build.0 = Debug|Any CPU
		{6819B8D7-2364-426B-A944-1B4CBAF4BC32}.Debug|Mixed Platforms.ActiveCfg = Debug|Any CPU
		{6819B8D7-2364-426B-A944-1B4CBAF4BC32}.Debug|Mixed Platforms.Build.0 = Debug|Any CPU
		{6819B8D7-2364-426B-A944-1B4CBAF4BC32}.Debug|x86.ActiveCfg = Debug|Any CPU
		{6819B8D7-2364-426B-A944-1B4CBAF4BC32}.Release|Any CPU.ActiveCfg = Release|Any CPU
		{6819B8D7-2364-426B-A944-1B4CBAF4BC32}.Release|Any CPU.Build.0 = Release|Any CPU
		{6819B8D7-2364-426B-A944-1B4CBAF4BC32}.Release|Mixed Platforms.ActiveCfg = Release|Any CPU
		{6819B8D7-2364-426B-A944-1B4CBAF4BC32}.Release|Mixed Platforms.Build.0 = Release|Any CPU
		{6819B8D7-2364-426B-A944-1B4CBAF4BC32}.Release|x86.ActiveCfg = Release|Any CPU
		{5D52E3FE-A13B-4B27-9259-FCD1F66B751C}.Debug|Any CPU.ActiveCfg = Debug|Any CPU
		{5D52E3FE-A13B-4B27-9259-FCD1F66B751C}.Debug|Any CPU.Build.0 = Debug|Any CPU
		{5D52E3FE-A13B-4B27-9259-FCD1F66B751C}.Debug|Mixed Platforms.ActiveCfg = Debug|Any CPU
		{5D52E3FE-A13B-4B27-9259-FCD1F66B751C}.Debug|Mixed Platforms.Build.0 = Debug|Any CPU
		{5D52E3FE-A13B-4B27-9259-FCD1F66B751C}.Debug|x86.ActiveCfg = Debug|Any CPU
		{5D52E3FE-A13B-4B27-9259-FCD1F66B751C}.Release|Any CPU.ActiveCfg = Release|Any CPU
		{5D52E3FE-A13B-4B27-9259-FCD1F66B751C}.Release|Any CPU.Build.0 = Release|Any CPU
		{5D52E3FE-A13B-4B27-9259-FCD1F66B751C}.Release|Mixed Platforms.ActiveCfg = Release|Any CPU
		{5D52E3FE-A13B-4B27-9259-FCD1F66B751C}.Release|Mixed Platforms.Build.0 = Release|Any CPU
		{5D52E3FE-A13B-4B27-9259-FCD1F66B751C}.Release|x86.ActiveCfg = Release|Any CPU
		{1ADFB25D-B702-4969-8818-F393BB5C2F05}.Debug|Any CPU.ActiveCfg = Debug|Any CPU
		{1ADFB25D-B702-4969-8818-F393BB5C2F05}.Debug|Any CPU.Build.0 = Debug|Any CPU
		{1ADFB25D-B702-4969-8818-F393BB5C2F05}.Debug|Mixed Platforms.ActiveCfg = Debug|Any CPU
		{1ADFB25D-B702-4969-8818-F393BB5C2F05}.Debug|Mixed Platforms.Build.0 = Debug|Any CPU
		{1ADFB25D-B702-4969-8818-F393BB5C2F05}.Debug|x86.ActiveCfg = Debug|Any CPU
		{1ADFB25D-B702-4969-8818-F393BB5C2F05}.Release|Any CPU.ActiveCfg = Release|Any CPU
		{1ADFB25D-B702-4969-8818-F393BB5C2F05}.Release|Any CPU.Build.0 = Release|Any CPU
		{1ADFB25D-B702-4969-8818-F393BB5C2F05}.Release|Mixed Platforms.ActiveCfg = Release|Any CPU
		{1ADFB25D-B702-4969-8818-F393BB5C2F05}.Release|Mixed Platforms.Build.0 = Release|Any CPU
		{1ADFB25D-B702-4969-8818-F393BB5C2F05}.Release|x86.ActiveCfg = Release|Any CPU
	EndGlobalSection
	GlobalSection(SolutionProperties) = preSolution
		HideSolutionNode = FALSE
	EndGlobalSection
	GlobalSection(NestedProjects) = preSolution
		{FCB2CF19-EBE7-4DCF-BD48-EC164015BA3F} = {E37C2237-3223-421C-B94A-2B9FC2411A77}
		{0B4F8485-F0A8-48F7-876F-65490E788DC7} = {E37C2237-3223-421C-B94A-2B9FC2411A77}
		{5D52E3FE-A13B-4B27-9259-FCD1F66B751C} = {295DE1D5-5F38-43C5-BAC0-6F48F6A52A0E}
		{1ADFB25D-B702-4969-8818-F393BB5C2F05} = {EC9CB033-7AF6-4B8A-AA86-0C7E0AEACD65}
	EndGlobalSection
EndGlobal
