<Solution>
  <Project Path="src/Exceptionless.Core/Exceptionless.Core.csproj" />
  <Project Path="src/Exceptionless.Insulation/Exceptionless.Insulation.csproj" />
  <Project Path="src/Exceptionless.Job/Exceptionless.Job.csproj" />
  <Project Path="src/Exceptionless.Web/Exceptionless.Web.csproj" />
</Solution>