{
    "name": "exceptionless-ci",
    "lockfileVersion": 3,
    "requires": true,
    "packages": {
        "": {
            "name": "exceptionless-ci",
            "dependencies": {
                "saxes": "6.0.0"
            }
        },
        "node_modules/saxes": {
            "version": "6.0.0",
            "resolved": "https://registry.npmjs.org/saxes/-/saxes-6.0.0.tgz",
            "integrity": "sha512-xAg7SOnEhrm5zI3puOOKyy1OMcMlIJZYNJY7xLBwSze0UjhPLnWfj2GF2EpT0jmzaJKIWKHLsaSSajf35bcYnA==",
            "license": "ISC",
            "dependencies": {
                "xmlchars": "^2.2.0"
            },
            "engines": {
                "node": ">=v12.22.7"
            }
        },
        "node_modules/xmlchars": {
            "version": "2.2.0",
            "resolved": "https://registry.npmjs.org/xmlchars/-/xmlchars-2.2.0.tgz",
            "integrity": "sha512-JZnDKK8B0RCDw84FNdDAIpZK+JuJw+s7Lz8nksI7SIuU3UXJJslUthsi+uWBUYOwPFwW7W7PRLRfUKpxjtjFCw==",
            "license": "MIT"
        }
    }
}
