{
  "version": "5",
  "specifiers": {
    "jsr:@cliffy/command@1.1.0": "1.1.0",
    "jsr:@cliffy/flags@1.1.0": "1.1.0",
    "jsr:@cliffy/internal@1.1.0": "1.1.0",
    "jsr:@cliffy/table@1.1.0": "1.1.0",
    "jsr:@std/cli@1.0.29": "1.0.29",
    "jsr:@std/cli@^1.0.29": "1.0.29",
    "jsr:@std/collections@^1.1.3": "1.2.0",
    "jsr:@std/crypto@1.0.5": "1.0.5",
    "jsr:@std/encoding@^1.0.10": "1.0.10",
    "jsr:@std/fmt@1.0.10": "1.0.10",
    "jsr:@std/fmt@^1.0.10": "1.0.10",
    "jsr:@std/fmt@^1.0.9": "1.0.10",
    "jsr:@std/front-matter@1.0.9": "1.0.9",
    "jsr:@std/fs@1.0.23": "1.0.23",
    "jsr:@std/fs@^1.0.23": "1.0.23",
    "jsr:@std/html@^1.0.6": "1.0.7",
    "jsr:@std/http@1.1.0": "1.1.0",
    "jsr:@std/internal@^1.0.12": "1.0.14",
    "jsr:@std/json@^1.0.2": "1.1.0",
    "jsr:@std/jsonc@1.0.2": "1.0.2",
    "jsr:@std/media-types@1.1.0": "1.1.0",
    "jsr:@std/media-types@^1.1.0": "1.1.0",
    "jsr:@std/net@^1.0.6": "1.0.6",
    "jsr:@std/path@1.1.4": "1.1.4",
    "jsr:@std/path@^1.1.4": "1.1.4",
    "jsr:@std/semver@1.0.8": "1.0.8",
    "jsr:@std/streams@^1.1.0": "1.1.1",
    "jsr:@std/text@^1.0.17": "1.0.19",
    "jsr:@std/toml@1.0.11": "1.0.11",
    "jsr:@std/toml@^1.0.3": "1.0.11",
    "jsr:@std/yaml@1.1.0": "1.1.0",
    "jsr:@std/yaml@^1.0.5": "1.1.0",
    "npm:@resvg/resvg-wasm@2.6.2": "2.6.2",
    "npm:esbuild@0.28.0": "0.28.0",
    "npm:highlight.js@11.11.1": "11.11.1",
    "npm:ico-endec@0.1.6": "0.1.6",
    "npm:lightningcss-wasm@1.32.0": "1.32.0",
    "npm:markdown-it-attrs@4.5.0": "4.5.0_markdown-it@14.1.1",
    "npm:markdown-it-deflist@3.0.0": "3.0.0",
    "npm:markdown-it@14.1.1": "14.1.1",
    "npm:sharp@0.34.5": "0.34.5"
  },
  "jsr": {
    "@cliffy/command@1.1.0": {
      "integrity": "963019e2aa13272195b79256a7d8e0f2c60ba8c1b733e023f0aa241b4de87bf7",
      "dependencies": [
        "jsr:@cliffy/flags",
        "jsr:@cliffy/internal",
        "jsr:@cliffy/table",
        "jsr:@std/fmt@^1.0.9",
        "jsr:@std/text"
      ]
    },
    "@cliffy/flags@1.1.0": {
      "integrity": "da161133ea19997d42ae5833226485a8e7598cf82b86d7c1a2ea10e974ecf21c",
      "dependencies": [
        "jsr:@cliffy/internal",
        "jsr:@std/text"
      ]
    },
    "@cliffy/internal@1.1.0": {
      "integrity": "433dd7755680d0da6b0a6186694327f6fd8e80807be314cf4bb06270bab28023"
    },
    "@cliffy/table@1.1.0": {
      "integrity": "6579680c9900628ccd0e05272e89ae483391d74a4f1dfe7c55c919e8a7320bcd",
      "dependencies": [
        "jsr:@std/fmt@^1.0.9"
      ]
    },
    "@std/cli@1.0.29": {
      "integrity": "fa4ef29130baa834d8a13b7d138240c3a2fcfba740bfb7afa646a360a15ec84f"
    },
    "@std/collections@1.2.0": {
      "integrity": "47627a21d3a13138b77fd0e4d790ba9d2e603c3510b686cde6b132fe9aa98a88"
    },
    "@std/crypto@1.0.5": {
      "integrity": "0dcfbb319fe0bba1bd3af904ceb4f948cde1b92979ec1614528380ed308a3b40"
    },
    "@std/encoding@1.0.10": {
      "integrity": "8783c6384a2d13abd5e9e87a7ae0520a30e9f56aeeaa3bdf910a3eaaf5c811a1"
    },
    "@std/fmt@1.0.10": {
      "integrity": "90dfba288802ac6de82fb31d0917eb9e4450b9925b954d5e51fc29ac07419db5"
    },
    "@std/front-matter@1.0.9": {
      "integrity": "ee6201d06674cbef137dda2252f62477450b48249e7d8d9ab57a30f85ff6f051",
      "dependencies": [
        "jsr:@std/toml@^1.0.3",
        "jsr:@std/yaml@^1.0.5"
      ]
    },
    "@std/fs@1.0.23": {
      "integrity": "3ecbae4ce4fee03b180fa710caff36bb5adb66631c46a6460aaad49515565a37",
      "dependencies": [
        "jsr:@std/path@^1.1.4"
      ]
    },
    "@std/html@1.0.7": {
      "integrity": "175c818905a6e75743c69c251395e273d82698e58cfe7dd76268d70e28b8d8fe"
    },
    "@std/http@1.1.0": {
      "integrity": "265cd9a589fea924c5bb0bbed8bebb4bb2fa19129f760bd014e78dbd7a365a51",
      "dependencies": [
        "jsr:@std/cli@^1.0.29",
        "jsr:@std/encoding",
        "jsr:@std/fmt@^1.0.10",
        "jsr:@std/fs@^1.0.23",
        "jsr:@std/html",
        "jsr:@std/media-types@^1.1.0",
        "jsr:@std/net",
        "jsr:@std/path@^1.1.4",
        "jsr:@std/streams"
      ]
    },
    "@std/internal@1.0.14": {
      "integrity": "291516b3d4c35024d6ffbc0a9df5bf4c64116e05b50012cf846710152d2ffdf7"
    },
    "@std/json@1.1.0": {
      "integrity": "93330d3ed4054d6b1ffe54b075432c80a5f671be77277b978931e018014cb1cc"
    },
    "@std/jsonc@1.0.2": {
      "integrity": "909605dae3af22bd75b1cbda8d64a32cf1fd2cf6efa3f9e224aba6d22c0f44c7",
      "dependencies": [
        "jsr:@std/json"
      ]
    },
    "@std/media-types@1.1.0": {
      "integrity": "c9d093f0c05c3512932b330e3cc1fe1d627b301db33a4c2c2185c02471d6eaa4"
    },
    "@std/net@1.0.6": {
      "integrity": "110735f93e95bb9feb95790a8b1d1bf69ec0dc74f3f97a00a76ea5efea25500c"
    },
    "@std/path@1.1.4": {
      "integrity": "1d2d43f39efb1b42f0b1882a25486647cb851481862dc7313390b2bb044314b5",
      "dependencies": [
        "jsr:@std/internal"
      ]
    },
    "@std/semver@1.0.8": {
      "integrity": "dc830e8b8b6a380c895d53fbfd1258dc253704ca57bbe1629ac65fd7830179b7"
    },
    "@std/streams@1.1.1": {
      "integrity": "92556d350e537e9dce527a6d08f6f15be3ff65e656079dea69d15252187c7613"
    },
    "@std/text@1.0.19": {
      "integrity": "003a0e032d360e8c3a4e0410fb792c77a66bd6553fee9d60c6ec1bce30d29223"
    },
    "@std/toml@1.0.11": {
      "integrity": "e084988b872ca4bad6aedfb7350f6eeed0e8ba88e9ee5e1590621c5b5bb8f715",
      "dependencies": [
        "jsr:@std/collections"
      ]
    },
    "@std/yaml@1.1.0": {
      "integrity": "fc1c5c63e05c4c5eb6118355f557958035d41940d6c29d35b306ef7155d6edb0"
    }
  },
  "npm": {
    "@emnapi/runtime@1.11.2": {
      "integrity": "sha512-kyOl3X0DuTiT1h2ft8r2fYO8JYtU9a9Xis/zBSiGArNaagCOWx90N1k2wxp18czFDH+OgcWGb5ZP/XMt3dcyPA==",
      "dependencies": [
        "tslib"
      ]
    },
    "@esbuild/aix-ppc64@0.28.0": {
      "integrity": "sha512-lhRUCeuOyJQURhTxl4WkpFTjIsbDayJHih5kZC1giwE+MhIzAb7mEsQMqMf18rHLsrb5qI1tafG20mLxEWcWlA==",
      "os": ["aix"],
      "cpu": ["ppc64"]
    },
    "@esbuild/android-arm64@0.28.0": {
      "integrity": "sha512-+WzIXQOSaGs33tLEgYPYe/yQHf0WTU0X42Jca3y8NWMbUVhp7rUnw+vAsRC/QiDrdD31IszMrZy+qwPOPjd+rw==",
      "os": ["android"],
      "cpu": ["arm64"]
    },
    "@esbuild/android-arm@0.28.0": {
      "integrity": "sha512-wqh0ByljabXLKHeWXYLqoJ5jKC4XBaw6Hk08OfMrCRd2nP2ZQ5eleDZC41XHyCNgktBGYMbqnrJKq/K/lzPMSQ==",
      "os": ["android"],
      "cpu": ["arm"]
    },
    "@esbuild/android-x64@0.28.0": {
      "integrity": "sha512-+VJggoaKhk2VNNqVL7f6S189UzShHC/mR9EE8rDdSkdpN0KflSwWY/gWjDrNxxisg8Fp1ZCD9jLMo4m0OUfeUA==",
      "os": ["android"],
      "cpu": ["x64"]
    },
    "@esbuild/darwin-arm64@0.28.0": {
      "integrity": "sha512-0T+A9WZm+bZ84nZBtk1ckYsOvyA3x7e2Acj1KdVfV4/2tdG4fzUp91YHx+GArWLtwqp77pBXVCPn2We7Letr0Q==",
      "os": ["darwin"],
      "cpu": ["arm64"]
    },
    "@esbuild/darwin-x64@0.28.0": {
      "integrity": "sha512-fyzLm/DLDl/84OCfp2f/XQ4flmORsjU7VKt8HLjvIXChJoFFOIL6pLJPH4Yhd1n1gGFF9mPwtlN5Wf82DZs+LQ==",
      "os": ["darwin"],
      "cpu": ["x64"]
    },
    "@esbuild/freebsd-arm64@0.28.0": {
      "integrity": "sha512-l9GeW5UZBT9k9brBYI+0WDffcRxgHQD8ShN2Ur4xWq/NFzUKm3k5lsH4PdaRgb2w7mI9u61nr2gI2mLI27Nh3Q==",
      "os": ["freebsd"],
      "cpu": ["arm64"]
    },
    "@esbuild/freebsd-x64@0.28.0": {
      "integrity": "sha512-BXoQai/A0wPO6Es3yFJ7APCiKGc1tdAEOgeTNy3SsB491S3aHn4S4r3e976eUnPdU+NbdtmBuLncYir2tMU9Nw==",
      "os": ["freebsd"],
      "cpu": ["x64"]
    },
    "@esbuild/linux-arm64@0.28.0": {
      "integrity": "sha512-RVyzfb3FWsGA55n6WY0MEIEPURL1FcbhFE6BffZEMEekfCzCIMtB5yyDcFnVbTnwk+CLAgTujmV/Lgvih56W+A==",
      "os": ["linux"],
      "cpu": ["arm64"]
    },
    "@esbuild/linux-arm@0.28.0": {
      "integrity": "sha512-CjaaREJagqJp7iTaNQjjidaNbCKYcd4IDkzbwwxtSvjI7NZm79qiHc8HqciMddQ6CKvJT6aBd8lO9kN/ZudLlw==",
      "os": ["linux"],
      "cpu": ["arm"]
    },
    "@esbuild/linux-ia32@0.28.0": {
      "integrity": "sha512-KBnSTt1kxl9x70q+ydterVdl+Cn0H18ngRMRCEQfrbqdUuntQQ0LoMZv47uB97NljZFzY6HcfqEZ2SAyIUTQBQ==",
      "os": ["linux"],
      "cpu": ["ia32"]
    },
    "@esbuild/linux-loong64@0.28.0": {
      "integrity": "sha512-zpSlUce1mnxzgBADvxKXX5sl8aYQHo2ezvMNI8I0lbblJtp8V4odlm3Yzlj7gPyt3T8ReksE6bK+pT3WD+aJRg==",
      "os": ["linux"],
      "cpu": ["loong64"]
    },
    "@esbuild/linux-mips64el@0.28.0": {
      "integrity": "sha512-2jIfP6mmjkdmeTlsX/9vmdmhBmKADrWqN7zcdtHIeNSCH1SqIoNI63cYsjQR8J+wGa4Y5izRcSHSm8K3QWmk3w==",
      "os": ["linux"],
      "cpu": ["mips64el"]
    },
    "@esbuild/linux-ppc64@0.28.0": {
      "integrity": "sha512-bc0FE9wWeC0WBm49IQMPSPILRocGTQt3j5KPCA8os6VprfuJ7KD+5PzESSrJ6GmPIPJK965ZJHTUlSA6GNYEhg==",
      "os": ["linux"],
      "cpu": ["ppc64"]
    },
    "@esbuild/linux-riscv64@0.28.0": {
      "integrity": "sha512-SQPZOwoTTT/HXFXQJG/vBX8sOFagGqvZyXcgLA3NhIqcBv1BJU1d46c0rGcrij2B56Z2rNiSLaZOYW5cUk7yLQ==",
      "os": ["linux"],
      "cpu": ["riscv64"]
    },
    "@esbuild/linux-s390x@0.28.0": {
      "integrity": "sha512-SCfR0HN8CEEjnYnySJTd2cw0k9OHB/YFzt5zgJEwa+wL/T/raGWYMBqwDNAC6dqFKmJYZoQBRfHjgwLHGSrn3Q==",
      "os": ["linux"],
      "cpu": ["s390x"]
    },
    "@esbuild/linux-x64@0.28.0": {
      "integrity": "sha512-us0dSb9iFxIi8srnpl931Nvs65it/Jd2a2K3qs7fz2WfGPHqzfzZTfec7oxZJRNPXPnNYZtanmRc4AL/JwVzHQ==",
      "os": ["linux"],
      "cpu": ["x64"]
    },
    "@esbuild/netbsd-arm64@0.28.0": {
      "integrity": "sha512-CR/RYotgtCKwtftMwJlUU7xCVNg3lMYZ0RzTmAHSfLCXw3NtZtNpswLEj/Kkf6kEL3Gw+BpOekRX0BYCtklhUw==",
      "os": ["netbsd"],
      "cpu": ["arm64"]
    },
    "@esbuild/netbsd-x64@0.28.0": {
      "integrity": "sha512-nU1yhmYutL+fQ71Kxnhg8uEOdC0pwEW9entHykTgEbna2pw2dkbFSMeqjjyHZoCmt8SBkOSvV+yNmm94aUrrqw==",
      "os": ["netbsd"],
      "cpu": ["x64"]
    },
    "@esbuild/openbsd-arm64@0.28.0": {
      "integrity": "sha512-cXb5vApOsRsxsEl4mcZ1XY3D4DzcoMxR/nnc4IyqYs0rTI8ZKmW6kyyg+11Z8yvgMfAEldKzP7AdP64HnSC/6g==",
      "os": ["openbsd"],
      "cpu": ["arm64"]
    },
    "@esbuild/openbsd-x64@0.28.0": {
      "integrity": "sha512-8wZM2qqtv9UP3mzy7HiGYNH/zjTA355mpeuA+859TyR+e+Tc08IHYpLJuMsfpDJwoLo1ikIJI8jC3GFjnRClzA==",
      "os": ["openbsd"],
      "cpu": ["x64"]
    },
    "@esbuild/openharmony-arm64@0.28.0": {
      "integrity": "sha512-FLGfyizszcef5C3YtoyQDACyg95+dndv79i2EekILBofh5wpCa1KuBqOWKrEHZg3zrL3t5ouE5jgr94vA+Wb2w==",
      "os": ["openharmony"],
      "cpu": ["arm64"]
    },
    "@esbuild/sunos-x64@0.28.0": {
      "integrity": "sha512-1ZgjUoEdHZZl/YlV76TSCz9Hqj9h9YmMGAgAPYd+q4SicWNX3G5GCyx9uhQWSLcbvPW8Ni7lj4gDa1T40akdlw==",
      "os": ["sunos"],
      "cpu": ["x64"]
    },
    "@esbuild/win32-arm64@0.28.0": {
      "integrity": "sha512-Q9StnDmQ/enxnpxCCLSg0oo4+34B9TdXpuyPeTedN/6+iXBJ4J+zwfQI28u/Jl40nOYAxGoNi7mFP40RUtkmUA==",
      "os": ["win32"],
      "cpu": ["arm64"]
    },
    "@esbuild/win32-ia32@0.28.0": {
      "integrity": "sha512-zF3ag/gfiCe6U2iczcRzSYJKH1DCI+ByzSENHlM2FcDbEeo5Zd2C86Aq0tKUYAJJ1obRP84ymxIAksZUcdztHA==",
      "os": ["win32"],
      "cpu": ["ia32"]
    },
    "@esbuild/win32-x64@0.28.0": {
      "integrity": "sha512-pEl1bO9mfAmIC+tW5btTmrKaujg3zGtUmWNdCw/xs70FBjwAL3o9OEKNHvNmnyylD6ubxUERiEhdsL0xBQ9efw==",
      "os": ["win32"],
      "cpu": ["x64"]
    },
    "@img/colour@1.1.0": {
      "integrity": "sha512-Td76q7j57o/tLVdgS746cYARfSyxk8iEfRxewL9h4OMzYhbW4TAcppl0mT4eyqXddh6L/jwoM75mo7ixa/pCeQ=="
    },
    "@img/sharp-darwin-arm64@0.34.5": {
      "integrity": "sha512-imtQ3WMJXbMY4fxb/Ndp6HBTNVtWCUI0WdobyheGf5+ad6xX8VIDO8u2xE4qc/fr08CKG/7dDseFtn6M6g/r3w==",
      "optionalDependencies": [
        "@img/sharp-libvips-darwin-arm64"
      ],
      "os": ["darwin"],
      "cpu": ["arm64"]
    },
    "@img/sharp-darwin-x64@0.34.5": {
      "integrity": "sha512-YNEFAF/4KQ/PeW0N+r+aVVsoIY0/qxxikF2SWdp+NRkmMB7y9LBZAVqQ4yhGCm/H3H270OSykqmQMKLBhBJDEw==",
      "optionalDependencies": [
        "@img/sharp-libvips-darwin-x64"
      ],
      "os": ["darwin"],
      "cpu": ["x64"]
    },
    "@img/sharp-libvips-darwin-arm64@1.2.4": {
      "integrity": "sha512-zqjjo7RatFfFoP0MkQ51jfuFZBnVE2pRiaydKJ1G/rHZvnsrHAOcQALIi9sA5co5xenQdTugCvtb1cuf78Vf4g==",
      "os": ["darwin"],
      "cpu": ["arm64"]
    },
    "@img/sharp-libvips-darwin-x64@1.2.4": {
      "integrity": "sha512-1IOd5xfVhlGwX+zXv2N93k0yMONvUlANylbJw1eTah8K/Jtpi15KC+WSiaX/nBmbm2HxRM1gZ0nSdjSsrZbGKg==",
      "os": ["darwin"],
      "cpu": ["x64"]
    },
    "@img/sharp-libvips-linux-arm64@1.2.4": {
      "integrity": "sha512-excjX8DfsIcJ10x1Kzr4RcWe1edC9PquDRRPx3YVCvQv+U5p7Yin2s32ftzikXojb1PIFc/9Mt28/y+iRklkrw==",
      "os": ["linux"],
      "cpu": ["arm64"]
    },
    "@img/sharp-libvips-linux-arm@1.2.4": {
      "integrity": "sha512-bFI7xcKFELdiNCVov8e44Ia4u2byA+l3XtsAj+Q8tfCwO6BQ8iDojYdvoPMqsKDkuoOo+X6HZA0s0q11ANMQ8A==",
      "os": ["linux"],
      "cpu": ["arm"]
    },
    "@img/sharp-libvips-linux-ppc64@1.2.4": {
      "integrity": "sha512-FMuvGijLDYG6lW+b/UvyilUWu5Ayu+3r2d1S8notiGCIyYU/76eig1UfMmkZ7vwgOrzKzlQbFSuQfgm7GYUPpA==",
      "os": ["linux"],
      "cpu": ["ppc64"]
    },
    "@img/sharp-libvips-linux-riscv64@1.2.4": {
      "integrity": "sha512-oVDbcR4zUC0ce82teubSm+x6ETixtKZBh/qbREIOcI3cULzDyb18Sr/Wcyx7NRQeQzOiHTNbZFF1UwPS2scyGA==",
      "os": ["linux"],
      "cpu": ["riscv64"]
    },
    "@img/sharp-libvips-linux-s390x@1.2.4": {
      "integrity": "sha512-qmp9VrzgPgMoGZyPvrQHqk02uyjA0/QrTO26Tqk6l4ZV0MPWIW6LTkqOIov+J1yEu7MbFQaDpwdwJKhbJvuRxQ==",
      "os": ["linux"],
      "cpu": ["s390x"]
    },
    "@img/sharp-libvips-linux-x64@1.2.4": {
      "integrity": "sha512-tJxiiLsmHc9Ax1bz3oaOYBURTXGIRDODBqhveVHonrHJ9/+k89qbLl0bcJns+e4t4rvaNBxaEZsFtSfAdquPrw==",
      "os": ["linux"],
      "cpu": ["x64"]
    },
    "@img/sharp-libvips-linuxmusl-arm64@1.2.4": {
      "integrity": "sha512-FVQHuwx1IIuNow9QAbYUzJ+En8KcVm9Lk5+uGUQJHaZmMECZmOlix9HnH7n1TRkXMS0pGxIJokIVB9SuqZGGXw==",
      "os": ["linux"],
      "cpu": ["arm64"]
    },
    "@img/sharp-libvips-linuxmusl-x64@1.2.4": {
      "integrity": "sha512-+LpyBk7L44ZIXwz/VYfglaX/okxezESc6UxDSoyo2Ks6Jxc4Y7sGjpgU9s4PMgqgjj1gZCylTieNamqA1MF7Dg==",
      "os": ["linux"],
      "cpu": ["x64"]
    },
    "@img/sharp-linux-arm64@0.34.5": {
      "integrity": "sha512-bKQzaJRY/bkPOXyKx5EVup7qkaojECG6NLYswgktOZjaXecSAeCWiZwwiFf3/Y+O1HrauiE3FVsGxFg8c24rZg==",
      "optionalDependencies": [
        "@img/sharp-libvips-linux-arm64"
      ],
      "os": ["linux"],
      "cpu": ["arm64"]
    },
    "@img/sharp-linux-arm@0.34.5": {
      "integrity": "sha512-9dLqsvwtg1uuXBGZKsxem9595+ujv0sJ6Vi8wcTANSFpwV/GONat5eCkzQo/1O6zRIkh0m/8+5BjrRr7jDUSZw==",
      "optionalDependencies": [
        "@img/sharp-libvips-linux-arm"
      ],
      "os": ["linux"],
      "cpu": ["arm"]
    },
    "@img/sharp-linux-ppc64@0.34.5": {
      "integrity": "sha512-7zznwNaqW6YtsfrGGDA6BRkISKAAE1Jo0QdpNYXNMHu2+0dTrPflTLNkpc8l7MUP5M16ZJcUvysVWWrMefZquA==",
      "optionalDependencies": [
        "@img/sharp-libvips-linux-ppc64"
      ],
      "os": ["linux"],
      "cpu": ["ppc64"]
    },
    "@img/sharp-linux-riscv64@0.34.5": {
      "integrity": "sha512-51gJuLPTKa7piYPaVs8GmByo7/U7/7TZOq+cnXJIHZKavIRHAP77e3N2HEl3dgiqdD/w0yUfiJnII77PuDDFdw==",
      "optionalDependencies": [
        "@img/sharp-libvips-linux-riscv64"
      ],
      "os": ["linux"],
      "cpu": ["riscv64"]
    },
    "@img/sharp-linux-s390x@0.34.5": {
      "integrity": "sha512-nQtCk0PdKfho3eC5MrbQoigJ2gd1CgddUMkabUj+rBevs8tZ2cULOx46E7oyX+04WGfABgIwmMC0VqieTiR4jg==",
      "optionalDependencies": [
        "@img/sharp-libvips-linux-s390x"
      ],
      "os": ["linux"],
      "cpu": ["s390x"]
    },
    "@img/sharp-linux-x64@0.34.5": {
      "integrity": "sha512-MEzd8HPKxVxVenwAa+JRPwEC7QFjoPWuS5NZnBt6B3pu7EG2Ge0id1oLHZpPJdn3OQK+BQDiw9zStiHBTJQQQQ==",
      "optionalDependencies": [
        "@img/sharp-libvips-linux-x64"
      ],
      "os": ["linux"],
      "cpu": ["x64"]
    },
    "@img/sharp-linuxmusl-arm64@0.34.5": {
      "integrity": "sha512-fprJR6GtRsMt6Kyfq44IsChVZeGN97gTD331weR1ex1c1rypDEABN6Tm2xa1wE6lYb5DdEnk03NZPqA7Id21yg==",
      "optionalDependencies": [
        "@img/sharp-libvips-linuxmusl-arm64"
      ],
      "os": ["linux"],
      "cpu": ["arm64"]
    },
    "@img/sharp-linuxmusl-x64@0.34.5": {
      "integrity": "sha512-Jg8wNT1MUzIvhBFxViqrEhWDGzqymo3sV7z7ZsaWbZNDLXRJZoRGrjulp60YYtV4wfY8VIKcWidjojlLcWrd8Q==",
      "optionalDependencies": [
        "@img/sharp-libvips-linuxmusl-x64"
      ],
      "os": ["linux"],
      "cpu": ["x64"]
    },
    "@img/sharp-wasm32@0.34.5": {
      "integrity": "sha512-OdWTEiVkY2PHwqkbBI8frFxQQFekHaSSkUIJkwzclWZe64O1X4UlUjqqqLaPbUpMOQk6FBu/HtlGXNblIs0huw==",
      "dependencies": [
        "@emnapi/runtime"
      ],
      "cpu": ["wasm32"]
    },
    "@img/sharp-win32-arm64@0.34.5": {
      "integrity": "sha512-WQ3AgWCWYSb2yt+IG8mnC6Jdk9Whs7O0gxphblsLvdhSpSTtmu69ZG1Gkb6NuvxsNACwiPV6cNSZNzt0KPsw7g==",
      "os": ["win32"],
      "cpu": ["arm64"]
    },
    "@img/sharp-win32-ia32@0.34.5": {
      "integrity": "sha512-FV9m/7NmeCmSHDD5j4+4pNI8Cp3aW+JvLoXcTUo0IqyjSfAZJ8dIUmijx1qaJsIiU+Hosw6xM5KijAWRJCSgNg==",
      "os": ["win32"],
      "cpu": ["ia32"]
    },
    "@img/sharp-win32-x64@0.34.5": {
      "integrity": "sha512-+29YMsqY2/9eFEiW93eqWnuLcWcufowXewwSNIT6UwZdUUCrM3oFjMWH/Z6/TMmb4hlFenmfAVbpWeup2jryCw==",
      "os": ["win32"],
      "cpu": ["x64"]
    },
    "@resvg/resvg-wasm@2.6.2": {
      "integrity": "sha512-FqALmHI8D4o6lk/LRWDnhw95z5eO+eAa6ORjVg09YRR7BkcM6oPHU9uyC0gtQG5vpFLvgpeU4+zEAz2H8APHNw=="
    },
    "argparse@2.0.1": {
      "integrity": "sha512-8+9WqebbFzpX9OR+Wa6O29asIogeRMzcGtAINdpMHHyAg10f05aSFVBbcEqGf/PXw1EjAZ+q2/bEBg3DvurK3Q=="
    },
    "detect-libc@2.1.2": {
      "integrity": "sha512-Btj2BOOO83o3WyH59e8MgXsxEQVcarkUOpEYrubB0urwnN10yQ364rsiByU11nZlqWYZm05i/of7io4mzihBtQ=="
    },
    "entities@4.5.0": {
      "integrity": "sha512-V0hjH4dGPh9Ao5p0MoRY6BVqtwCjhz6vI5LT8AJ55H+4g9/4vbHx1I54fS0XuclLhDHArPQCiMjDxjaL8fPxhw=="
    },
    "esbuild@0.28.0": {
      "integrity": "sha512-sNR9MHpXSUV/XB4zmsFKN+QgVG82Cc7+/aaxJ8Adi8hyOac+EXptIp45QBPaVyX3N70664wRbTcLTOemCAnyqw==",
      "optionalDependencies": [
        "@esbuild/aix-ppc64",
        "@esbuild/android-arm",
        "@esbuild/android-arm64",
        "@esbuild/android-x64",
        "@esbuild/darwin-arm64",
        "@esbuild/darwin-x64",
        "@esbuild/freebsd-arm64",
        "@esbuild/freebsd-x64",
        "@esbuild/linux-arm",
        "@esbuild/linux-arm64",
        "@esbuild/linux-ia32",
        "@esbuild/linux-loong64",
        "@esbuild/linux-mips64el",
        "@esbuild/linux-ppc64",
        "@esbuild/linux-riscv64",
        "@esbuild/linux-s390x",
        "@esbuild/linux-x64",
        "@esbuild/netbsd-arm64",
        "@esbuild/netbsd-x64",
        "@esbuild/openbsd-arm64",
        "@esbuild/openbsd-x64",
        "@esbuild/openharmony-arm64",
        "@esbuild/sunos-x64",
        "@esbuild/win32-arm64",
        "@esbuild/win32-ia32",
        "@esbuild/win32-x64"
      ],
      "scripts": true,
      "bin": true
    },
    "highlight.js@11.11.1": {
      "integrity": "sha512-Xwwo44whKBVCYoliBQwaPvtd/2tYFkRQtXDWj1nackaV2JPXx3L0+Jvd8/qCJ2p+ML0/XVkJ2q+Mr+UVdpJK5w=="
    },
    "ico-endec@0.1.6": {
      "integrity": "sha512-ZdLU38ZoED3g1j3iEyzcQj+wAkY2xfWNkymszfJPoxucIUhK7NayQ+/C4Kv0nDFMIsbtbEHldv3V8PU494/ueQ=="
    },
    "lightningcss-wasm@1.32.0": {
      "integrity": "sha512-SteAkCtRuSCDYPGHKhLV/dDs5Bk+7I4QUxWxfk4xwsTI1rQk8MQyYtpGcd3NECsUGzK0q2/KqoVS+YHCqKHUTQ=="
    },
    "linkify-it@5.0.1": {
      "integrity": "sha512-wVoTjP4Q6R0NW5hiZkVJaFZPWgtXfoGF+6LucL3/FtiNjmcHhYjEr5f1Kqjirc1nBW07J/ZuRFumqr2oqccEWg==",
      "dependencies": [
        "uc.micro"
      ]
    },
    "markdown-it-attrs@4.5.0_markdown-it@14.1.1": {
      "integrity": "sha512-dsuEyK/MDAYsdZLDIaDAQXz5+gP0AAbJ4ZjOSB0w+ZGe4lLbzyCgGg0LApC6j9zUK2F+2SA9VkzXfyNG9hL/8g==",
      "dependencies": [
        "markdown-it"
      ]
    },
    "markdown-it-deflist@3.0.0": {
      "integrity": "sha512-OxPmQ/keJZwbubjiQWOvKLHwpV2wZ5I3Smc81OjhwbfJsjdRrvD5aLTQxmZzzePeO0kbGzAo3Krk4QLgA8PWLg=="
    },
    "markdown-it@14.1.1": {
      "integrity": "sha512-BuU2qnTti9YKgK5N+IeMubp14ZUKUUw7yeJbkjtosvHiP0AZ5c8IAgEMk79D0eC8F23r4Ac/q8cAIFdm2FtyoA==",
      "dependencies": [
        "argparse",
        "entities",
        "linkify-it",
        "mdurl",
        "punycode.js",
        "uc.micro"
      ],
      "bin": true
    },
    "mdurl@2.0.0": {
      "integrity": "sha512-Lf+9+2r+Tdp5wXDXC4PcIBjTDtq4UKjCPMQhKIuzpJNW0b96kVqSwW0bT7FhRSfmAiFYgP+SCRvdrDozfh0U5w=="
    },
    "punycode.js@2.3.1": {
      "integrity": "sha512-uxFIHU0YlHYhDQtV4R9J6a52SLx28BCjT+4ieh7IGbgwVJWO+km431c4yRlREUAsAmt/uMjQUyQHNEPf0M39CA=="
    },
    "semver@7.8.5": {
      "integrity": "sha512-Y7/KDsb8LjooZpwaqGyulO6DQlksgCncchHGk+sZIY4SBvUocMBEFH5Ur1fI4dV+Jvl0w6cjvucaIi40puRioA==",
      "bin": true
    },
    "sharp@0.34.5": {
      "integrity": "sha512-Ou9I5Ft9WNcCbXrU9cMgPBcCK8LiwLqcbywW3t4oDV37n1pzpuNLsYiAV8eODnjbtQlSDwZ2cUEeQz4E54Hltg==",
      "dependencies": [
        "@img/colour",
        "detect-libc",
        "semver"
      ],
      "optionalDependencies": [
        "@img/sharp-darwin-arm64",
        "@img/sharp-darwin-x64",
        "@img/sharp-libvips-darwin-arm64",
        "@img/sharp-libvips-darwin-x64",
        "@img/sharp-libvips-linux-arm",
        "@img/sharp-libvips-linux-arm64",
        "@img/sharp-libvips-linux-ppc64",
        "@img/sharp-libvips-linux-riscv64",
        "@img/sharp-libvips-linux-s390x",
        "@img/sharp-libvips-linux-x64",
        "@img/sharp-libvips-linuxmusl-arm64",
        "@img/sharp-libvips-linuxmusl-x64",
        "@img/sharp-linux-arm",
        "@img/sharp-linux-arm64",
        "@img/sharp-linux-ppc64",
        "@img/sharp-linux-riscv64",
        "@img/sharp-linux-s390x",
        "@img/sharp-linux-x64",
        "@img/sharp-linuxmusl-arm64",
        "@img/sharp-linuxmusl-x64",
        "@img/sharp-wasm32",
        "@img/sharp-win32-arm64",
        "@img/sharp-win32-ia32",
        "@img/sharp-win32-x64"
      ],
      "scripts": true
    },
    "tslib@2.8.1": {
      "integrity": "sha512-oJFu94HQb+KVduSUQL7wnpmqnfmLsOA/nAh6b6EH0wCEoK0/mPeXU6c3wKDV83MkOuHPRHtSXKKU99IBazS/2w=="
    },
    "uc.micro@2.1.0": {
      "integrity": "sha512-ARDJmphmdvUk6Glw7y9DQ2bFkKBHwQHLi2lsaH6PPmz/Ka9sFOBsBluozhDltWmnv9u/cF6Rt87znRTPV+yp/A=="
    }
  },
  "remote": {
    "https://cdn.jsdelivr.net/gh/b-fuze/deno-dom@0.1.56/build/deno-wasm/deno-wasm-dynamic.js": "fd05e83a855aa68b09396dc47a7638ef526c39917971715ac37e0fc3227db886",
    "https://cdn.jsdelivr.net/gh/b-fuze/deno-dom@0.1.56/build/deno-wasm/deno-wasm.js": "ccde5219e42040b8f7a8b653acc6c8cca197c29f98d6b75f74c48111e34bcbea",
    "https://cdn.jsdelivr.net/gh/b-fuze/deno-dom@0.1.56/build/deno-wasm/deno-wasm_bg-wasm.js": "52c57905a74047d1574f0b96e301ef1d5974cd962705615555b5e46b5ac420e4",
    "https://cdn.jsdelivr.net/gh/b-fuze/deno-dom@0.1.56/build/deno-wasm/deno-wasm_bg.wasm": "b5fbd7ede316f7c13e4a7b927a053a35b475a9acce7c7cae864e91d9b8dd24c7",
    "https://cdn.jsdelivr.net/gh/b-fuze/deno-dom@0.1.56/build/deno-wasm/env.js": "17da784c11b192c591dbf7df21ec6f65f63f45ca9a713e4ca100f3c886b4023f",
    "https://cdn.jsdelivr.net/gh/b-fuze/deno-dom@0.1.56/build/deno-wasm/wbg.js": "b5b6de12bc010fa23438c8a8276067b9044a405da516d0bbe4ae61b7c6d61a22",
    "https://cdn.jsdelivr.net/gh/b-fuze/deno-dom@0.1.56/deno-dom-wasm.ts": "34f0654b452568fbd95b8d1b2a493de19710ac9ceeb6b82f541d09c29613572d",
    "https://cdn.jsdelivr.net/gh/b-fuze/deno-dom@0.1.56/src/api.ts": "0ff5790f0a3eeecb4e00b7d8fbfa319b165962cf6d0182a65ba90f158d74f7d7",
    "https://cdn.jsdelivr.net/gh/b-fuze/deno-dom@0.1.56/src/constructor-lock.ts": "0e7b297e8b9cf921a3b0d3a692ec5fb462c5afc47ec554292e20090b9e16b40a",
    "https://cdn.jsdelivr.net/gh/b-fuze/deno-dom@0.1.56/src/deserialize.ts": "514953418b7ae558ed7361ad9be21013f46cba2f58bd7f4acc90cf1e89f9c8cf",
    "https://cdn.jsdelivr.net/gh/b-fuze/deno-dom@0.1.56/src/dom/document-fragment.ts": "0b915d094830d43b330dc2fb8012b990f2c815773c6cdcd4a9fdff99fe47412e",
    "https://cdn.jsdelivr.net/gh/b-fuze/deno-dom@0.1.56/src/dom/document.ts": "ad584ac4ce6dce03f0ff6ef4b7db86fd598f9c7824da1387f7f2acd7d6948e4a",
    "https://cdn.jsdelivr.net/gh/b-fuze/deno-dom@0.1.56/src/dom/dom-parser.ts": "ab5e8382700bc3936ac67e8d11b7bb9c6999a994ac8b070b7cae94e2d2ecee5a",
    "https://cdn.jsdelivr.net/gh/b-fuze/deno-dom@0.1.56/src/dom/element.ts": "9726ebf139b97ae96671d38da720988cfd6481ff9068ba13f3b0d00e72f0c8c0",
    "https://cdn.jsdelivr.net/gh/b-fuze/deno-dom@0.1.56/src/dom/elements/html-template-element.ts": "1707dfb4cbb145f3bcb94426d7cdedbaa336620d0afed30e99f50fe87ba24a98",
    "https://cdn.jsdelivr.net/gh/b-fuze/deno-dom@0.1.56/src/dom/html-collection.ts": "dcf328e883877f7748d3e20fb6319e739f297a6e24f4b00ec5b1a2f390cfa3c6",
    "https://cdn.jsdelivr.net/gh/b-fuze/deno-dom@0.1.56/src/dom/node-list.ts": "be9793475d82539da8b97a17b6b5538cc723538c10cc5820a23e5e4b2248845d",
    "https://cdn.jsdelivr.net/gh/b-fuze/deno-dom@0.1.56/src/dom/node.ts": "53ada9e4b2ae21f10f5941ff257ed4585920ae392020544648f349c05d15d30c",
    "https://cdn.jsdelivr.net/gh/b-fuze/deno-dom@0.1.56/src/dom/selectors/custom-api.ts": "852696bd58e534bc41bd3be9e2250b60b67cd95fd28ed16b1deff1d548531a71",
    "https://cdn.jsdelivr.net/gh/b-fuze/deno-dom@0.1.56/src/dom/selectors/nwsapi-types.ts": "c43b36c36acc5d32caabaa54fda8c9d239b2b0fcbce9a28efb93c84aa1021698",
    "https://cdn.jsdelivr.net/gh/b-fuze/deno-dom@0.1.56/src/dom/selectors/nwsapi.js": "985d7d8fc1eabbb88946b47a1c44c1b2d4aa79ff23c21424219f1528fa27a2ff",
    "https://cdn.jsdelivr.net/gh/b-fuze/deno-dom@0.1.56/src/dom/selectors/selectors.ts": "83eab57be2290fb48e3130533448c93c6c61239f2a2f3b85f1917f80ca0fdc75",
    "https://cdn.jsdelivr.net/gh/b-fuze/deno-dom@0.1.56/src/dom/selectors/sizzle-types.ts": "78149e2502409989ce861ed636b813b059e16bc267bb543e7c2b26ef43e4798b",
    "https://cdn.jsdelivr.net/gh/b-fuze/deno-dom@0.1.56/src/dom/selectors/sizzle.js": "c3aed60c1045a106d8e546ac2f85cc82e65f62d9af2f8f515210b9212286682a",
    "https://cdn.jsdelivr.net/gh/b-fuze/deno-dom@0.1.56/src/dom/string-cache.ts": "8e935804f7bac244cc70cec90a28c9f6d30fea14c61c2c4ea48fca274376d786",
    "https://cdn.jsdelivr.net/gh/b-fuze/deno-dom@0.1.56/src/dom/utils-types.ts": "96db30e3e4a75b194201bb9fa30988215da7f91b380fca6a5143e51ece2a8436",
    "https://cdn.jsdelivr.net/gh/b-fuze/deno-dom@0.1.56/src/dom/utils.ts": "bc429635e9204051ba1ecc1b212031b5ee7c6bcd95120c91bef696804aa67e74",
    "https://cdn.jsdelivr.net/gh/b-fuze/deno-dom@0.1.56/src/parser.ts": "e06b2300d693e6ae7564e53dfa5c9a9e97fdb8c044c39c52c8b93b5d60860be3",
    "https://cdn.jsdelivr.net/gh/lumeland/lume@3.2.6/cli.ts": "d8fc878eb1d52c85d5778ec2965d7c0084a351c90741c5f629e24c16e8b53ba5",
    "https://cdn.jsdelivr.net/gh/lumeland/lume@3.2.6/cli/build.ts": "61290fc7d533f605d4d96a258775b50006f07b769346451d3d63abd883b9342f",
    "https://cdn.jsdelivr.net/gh/lumeland/lume@3.2.6/cli/build_worker.ts": "688f4ee7a37a55587e032bb470e99b51ecc1005c904df111f5c660c8b53c6c14",
    "https://cdn.jsdelivr.net/gh/lumeland/lume@3.2.6/cli/create.ts": "78208f4c5e19f9f18b5d4ed3762c69d9e4ea666a2d139bdca4b6eb1c6b164720",
    "https://cdn.jsdelivr.net/gh/lumeland/lume@3.2.6/cli/missing_worker_apis.ts": "70625ded7fee5de7d215e0829ce8dc4bb7060f6a496c09db880ebaec8b3efb92",
    "https://cdn.jsdelivr.net/gh/lumeland/lume@3.2.6/cli/upgrade.ts": "a11e7c9024f78c2e7376c57b4a99e389dbf490769779d2d37a4a3ccd6ef27d9e",
    "https://cdn.jsdelivr.net/gh/lumeland/lume@3.2.6/cli/utils.ts": "71e1ee512aa630cf4b2b3ddd646f1ef5f20b43b538d396ad4e27128f7a8439c3",
    "https://cdn.jsdelivr.net/gh/lumeland/lume@3.2.6/core/cache.ts": "bec945853a7111babf1fb465090d84dbf4176af0ad465b63b51031134ad6ea2a",
    "https://cdn.jsdelivr.net/gh/lumeland/lume@3.2.6/core/components.ts": "549ffbcddbe5dbb05589e89c0e918799e13e32cd8f107f40be72b1cdd849732c",
    "https://cdn.jsdelivr.net/gh/lumeland/lume@3.2.6/core/data_loader.ts": "8698a9e9b1aac27147dc835ba89a0e30828c81338eceae86630607d78f146215",
    "https://cdn.jsdelivr.net/gh/lumeland/lume@3.2.6/core/debugbar.ts": "89f3ea8dcffd6b2333b8ff30eb1ef39f0c1ffc1857bf6e51f6d123fa1f8f109a",
    "https://cdn.jsdelivr.net/gh/lumeland/lume@3.2.6/core/events.ts": "e4fd1786eb7dd4a041d7d922779b9edf1ee89e51fd17ba5e756f380879ccb557",
    "https://cdn.jsdelivr.net/gh/lumeland/lume@3.2.6/core/file.ts": "4058ca45d07eb5940bddc6b0384df3dcac389ab7d3b2dca48f30ba75e196df1b",
    "https://cdn.jsdelivr.net/gh/lumeland/lume@3.2.6/core/formats.ts": "e65130e5c5f2e49435619479710c812199b480a9e145fdc6b2bac11cfe6ea08e",
    "https://cdn.jsdelivr.net/gh/lumeland/lume@3.2.6/core/fs.ts": "ad0b1eb43361f76f36674505ef6b8870176ef386c43ee962e6c750506b40a071",
    "https://cdn.jsdelivr.net/gh/lumeland/lume@3.2.6/core/loaders/binary.ts": "bb1e1cf3faac49f6007dc6814168dc0f633da17356db18e68862e4b2a87a3f33",
    "https://cdn.jsdelivr.net/gh/lumeland/lume@3.2.6/core/loaders/json.ts": "ae28e711196215ca2772e9e31f2646ff4c3cf3f66ae75bf8cbcab94de5dbd24f",
    "https://cdn.jsdelivr.net/gh/lumeland/lume@3.2.6/core/loaders/module.ts": "d2df9c49df5f8845f34c1363d48b8cfbcae4c9683201fd8513dd8db9933dca18",
    "https://cdn.jsdelivr.net/gh/lumeland/lume@3.2.6/core/loaders/text.ts": "42860fc3482651fa6cfba18a734bb548d6e6e1163bf1015c2abc447ab150acbd",
    "https://cdn.jsdelivr.net/gh/lumeland/lume@3.2.6/core/loaders/toml.ts": "72ddfef2deea62815c28e27faa2c5356e09b3109e9547e47a6defea3d3332452",
    "https://cdn.jsdelivr.net/gh/lumeland/lume@3.2.6/core/loaders/yaml.ts": "241dc41fbe51b92e38dc748eda614c35d80fb8c63a6d40253453c6bb78c9c47e",
    "https://cdn.jsdelivr.net/gh/lumeland/lume@3.2.6/core/processors.ts": "047a87b0c9a0377ef15daaf1b671a29d541e4bb744c152f02a5c4f0a80fbbb64",
    "https://cdn.jsdelivr.net/gh/lumeland/lume@3.2.6/core/renderer.ts": "ed142d18f74d24cf8710e47e13a6c12636a937a9c07d08a402a5f1ebb40d45cf",
    "https://cdn.jsdelivr.net/gh/lumeland/lume@3.2.6/core/scopes.ts": "dbdf93d7a9cead84833779e974f190b1379356ec7c0ccd34aa92f917c2cdd2f9",
    "https://cdn.jsdelivr.net/gh/lumeland/lume@3.2.6/core/scripts.ts": "286969b120d2290ba57a7fdd9b37e587aacf4e4162d92f51f1f1e9e18c864f30",
    "https://cdn.jsdelivr.net/gh/lumeland/lume@3.2.6/core/searcher.ts": "580fd9a81c67ae33df416f80525a3dacbf49790ea7990a721f76719e15fa4878",
    "https://cdn.jsdelivr.net/gh/lumeland/lume@3.2.6/core/server.ts": "7b98b19422f69a17ed1877f4b6d38ce6b6228128064d88e9430a071846311cbc",
    "https://cdn.jsdelivr.net/gh/lumeland/lume@3.2.6/core/site.ts": "33c8ea3eff51bf2f8941d801a161f73bda754e40a17b753e7538f42c92fdd9bd",
    "https://cdn.jsdelivr.net/gh/lumeland/lume@3.2.6/core/source.ts": "24ac00674f4beafdf01ba0e1c887bfceca4458c22e812e87edbfa02b9b450335",
    "https://cdn.jsdelivr.net/gh/lumeland/lume@3.2.6/core/utils/cdn.ts": "4309cb725106091d5d92a91f1599a6d5eacaaa5303fe7835ea27d55f97144e03",
    "https://cdn.jsdelivr.net/gh/lumeland/lume@3.2.6/core/utils/cli_options.ts": "88141f97850ff2e8e821dda6abed1f2d7993db2f1f23c8d6f2e6306eda094761",
    "https://cdn.jsdelivr.net/gh/lumeland/lume@3.2.6/core/utils/concurrent.ts": "f0172230b25d83aca497c64d92a08d9a373b9ffd13cf57c273a51d8a3a3a2a9e",
    "https://cdn.jsdelivr.net/gh/lumeland/lume@3.2.6/core/utils/date.ts": "3eb0b0e2ea15a95cdfe737be70cd4f48cbe49401928cb04c25a230f411ab2478",
    "https://cdn.jsdelivr.net/gh/lumeland/lume@3.2.6/core/utils/digest.ts": "edc8fc07f34fa3c748fea98704361d88e2449e8e91c0f2800fdab38bfad24bae",
    "https://cdn.jsdelivr.net/gh/lumeland/lume@3.2.6/core/utils/dom.ts": "8337af56c8d447b5ad1b021a0981f9cec912dba820b2ba346820258b80b5f12a",
    "https://cdn.jsdelivr.net/gh/lumeland/lume@3.2.6/core/utils/env.ts": "0f2d7ab9c1c39727803e1b22abeb1d6d9798ec4e76cf85d213a01f5db42de978",
    "https://cdn.jsdelivr.net/gh/lumeland/lume@3.2.6/core/utils/format.ts": "bad71315eefd5ad0413841bbe5e8406d636d58d3ed3ef48674655b3a21a0aab0",
    "https://cdn.jsdelivr.net/gh/lumeland/lume@3.2.6/core/utils/generator.ts": "1e664e9fd4c469e38a0acf5c94fd49dac4f38cb6334563ea4b7fc498b5958877",
    "https://cdn.jsdelivr.net/gh/lumeland/lume@3.2.6/core/utils/log.ts": "d91930a4a08f0ccc9bdd8c82db3b76a39582e6913b34f4210bbe9cd8481ef478",
    "https://cdn.jsdelivr.net/gh/lumeland/lume@3.2.6/core/utils/lume_config.ts": "20eca22ebba2c8c2d99da73b463e09104e1335e3ea588a35602dcefae56679f8",
    "https://cdn.jsdelivr.net/gh/lumeland/lume@3.2.6/core/utils/lume_version.ts": "c1c63818097e4a273183429ab5b2446a253307f7bc2d0d6361a17b4f230a617d",
    "https://cdn.jsdelivr.net/gh/lumeland/lume@3.2.6/core/utils/merge_data.ts": "8433920c7e66f27ae558777ed9add637f8c2f67adf9ca2c9ca60d566b9b3583f",
    "https://cdn.jsdelivr.net/gh/lumeland/lume@3.2.6/core/utils/net.ts": "d0d58c95668effc13669015c219295532f67e4a02396286308c772871b615a9b",
    "https://cdn.jsdelivr.net/gh/lumeland/lume@3.2.6/core/utils/object.ts": "9b2d1c20503137b612fcbb311b42d1f5500ae170b68f1dca43cc6b057423bc6e",
    "https://cdn.jsdelivr.net/gh/lumeland/lume@3.2.6/core/utils/page_content.ts": "bbadb588f9d9fcf1a2af156ce4b68974dfad39b65c3c8d42a6f1895b194c7eec",
    "https://cdn.jsdelivr.net/gh/lumeland/lume@3.2.6/core/utils/page_date.ts": "2a3d9c203df298ca61f568fdf509945f127f990769623c3edfd753d39807b757",
    "https://cdn.jsdelivr.net/gh/lumeland/lume@3.2.6/core/utils/page_url.ts": "13d07d54c6d8db0b83df655de999909230d56267e69c0fbe849b4f38689dcecf",
    "https://cdn.jsdelivr.net/gh/lumeland/lume@3.2.6/core/utils/path.ts": "73db7b3bf8df81b7af4085a9fef4d5648ac083a4e826ae98c0dcb96b0fa64e6b",
    "https://cdn.jsdelivr.net/gh/lumeland/lume@3.2.6/core/utils/read.ts": "32010c32c2d99be0fd6ba2566f04a30c8b16f5d0c9eaee18ca80e472d5ab2644",
    "https://cdn.jsdelivr.net/gh/lumeland/lume@3.2.6/core/utils/tokens.ts": "7bb3731b4ee3232f38a6aec9c5364d7492b2ea4fcfe7321115a9af25a1ff2038",
    "https://cdn.jsdelivr.net/gh/lumeland/lume@3.2.6/core/watcher.ts": "f70b927c6bd54e213e53ca8b34ac47773cc0e34eccb3aa06c8697302c19c7de5",
    "https://cdn.jsdelivr.net/gh/lumeland/lume@3.2.6/core/writer.ts": "1c36d4a846dd4621b4b4d7aea56077dc43614400428ae3316390b2190e9fe1b5",
    "https://cdn.jsdelivr.net/gh/lumeland/lume@3.2.6/deps/cli.ts": "0cb49fc88dd6d699297f288d432562f20dde3e498f51993688ccf98f28c83d54",
    "https://cdn.jsdelivr.net/gh/lumeland/lume@3.2.6/deps/cliffy.ts": "a86b348c3e675d4051037536802caa9c9ce2e36933e950f10c43971f8ea3ee83",
    "https://cdn.jsdelivr.net/gh/lumeland/lume@3.2.6/deps/colors.ts": "eae71a8d83eb15ab20c140b94987a1c789e1ece31d99b3ec2841506eaff854bc",
    "https://cdn.jsdelivr.net/gh/lumeland/lume@3.2.6/deps/crypto.ts": "0939b1e974472d1db1d611b4160a5a51d796da1368289277d2e26803243959d5",
    "https://cdn.jsdelivr.net/gh/lumeland/lume@3.2.6/deps/dom.ts": "08bdf42363093cae0e0a3f6efb3c500cfc8a7a6ab09d73fa69d212a6c907d547",
    "https://cdn.jsdelivr.net/gh/lumeland/lume@3.2.6/deps/esbuild.ts": "dcdff1214c796ab5c076b054a6aad586345e291bfc6cc9e5e464387aeb0544d6",
    "https://cdn.jsdelivr.net/gh/lumeland/lume@3.2.6/deps/front_matter.ts": "f5e5780d4a0502d50cde1f42a4aa7830756dc9bd0251ba7448cecd1eaa60878f",
    "https://cdn.jsdelivr.net/gh/lumeland/lume@3.2.6/deps/fs.ts": "976956b66a86d5ad001043e8ce92cbc08bb29eb6f7703c73eda99b05f49069d4",
    "https://cdn.jsdelivr.net/gh/lumeland/lume@3.2.6/deps/highlight.ts": "e8f830a1137ff7e8246ce21518452b8cbf8089db409458c6d9c31040c11d8428",
    "https://cdn.jsdelivr.net/gh/lumeland/lume@3.2.6/deps/http.ts": "6fd6334e70a106201e1d5159d61d6b72b0cd907d6ab9c430a9ff6232bc4d19de",
    "https://cdn.jsdelivr.net/gh/lumeland/lume@3.2.6/deps/init.ts": "8efb3ecd7a3c716e1bad9deb3b687e622d3802c5b7f3a81daefa169e1f054be3",
    "https://cdn.jsdelivr.net/gh/lumeland/lume@3.2.6/deps/jsonc.ts": "abe9c7b88ded304adac6e1eec70a858ae5dcce95ca53d91bde425a2edf3a653d",
    "https://cdn.jsdelivr.net/gh/lumeland/lume@3.2.6/deps/lightningcss.ts": "18b9aa9bbd7c6d522f719dfb337502402c9916fd69826bc5f0c9d385ea4ba641",
    "https://cdn.jsdelivr.net/gh/lumeland/lume@3.2.6/deps/markdown_it.ts": "6045278bba08ed2fa0c384441d8fe60693cac2b85fd90321e8ce6d3e4408349a",
    "https://cdn.jsdelivr.net/gh/lumeland/lume@3.2.6/deps/media_types.ts": "ede0e4fc3e86e563b38e66d765ef5508d35bef4fecfa552724d9ef1a31486747",
    "https://cdn.jsdelivr.net/gh/lumeland/lume@3.2.6/deps/path.ts": "173ff2317c7a2efefb79aa51e09a6b2a6618a705c802c7fe24c912a50afb0818",
    "https://cdn.jsdelivr.net/gh/lumeland/lume@3.2.6/deps/resvg.ts": "6713e407f4dfd358becba703a60106b35a7d6a5d33f30647bfbafe6c81897a59",
    "https://cdn.jsdelivr.net/gh/lumeland/lume@3.2.6/deps/semver.ts": "4089dbcbad21636cb3d743eb61b3727674c133fba17556f0738b799f1a5a9441",
    "https://cdn.jsdelivr.net/gh/lumeland/lume@3.2.6/deps/sharp.ts": "9efd1598d624a715f43305f4ec1d035c37019667878728892c908e5052f4d6fc",
    "https://cdn.jsdelivr.net/gh/lumeland/lume@3.2.6/deps/toml.ts": "61831fd046e8df6b35ccdacc7fc3b3ae7c0a2450b2f368cf933e518d243b3881",
    "https://cdn.jsdelivr.net/gh/lumeland/lume@3.2.6/deps/vento.ts": "dda80130df3c9ae6ebc50ccc4ef81bbad548241058c45f702dfdcca811390ccc",
    "https://cdn.jsdelivr.net/gh/lumeland/lume@3.2.6/deps/yaml.ts": "8c5a777049063cf15db6cf8814fd43ce6811469a800341f0cc9af962ef6110fe",
    "https://cdn.jsdelivr.net/gh/lumeland/lume@3.2.6/middlewares/basic_auth.ts": "c18f0da9f88be4581e5e3da99214fd7abdad829ab00dbdd2fb3116f1f876add2",
    "https://cdn.jsdelivr.net/gh/lumeland/lume@3.2.6/middlewares/logger.ts": "c96f1a9f9d5757555b6f141865ce8551ac176f90c8ee3e9ad797b2b400a9a567",
    "https://cdn.jsdelivr.net/gh/lumeland/lume@3.2.6/middlewares/no_cache.ts": "0119e3ae3a596ab12c42df693b93e5b03dd9608e289d862242751a9739438f35",
    "https://cdn.jsdelivr.net/gh/lumeland/lume@3.2.6/middlewares/no_cors.ts": "4d24619b5373c98bcc3baf404db47ba088c87ac8538ea1784e58d197b81d4d02",
    "https://cdn.jsdelivr.net/gh/lumeland/lume@3.2.6/middlewares/not_found.ts": "0f92cd91239444247a1c3dce1bed4e978445687ca76f544a0ccd483a352f761a",
    "https://cdn.jsdelivr.net/gh/lumeland/lume@3.2.6/middlewares/reload.ts": "9f7fa7e376b0a510f5f69b90372c2f61fd6edb1244166c9aa6a9d52f267c3b33",
    "https://cdn.jsdelivr.net/gh/lumeland/lume@3.2.6/middlewares/reload_client.js": "9026da20a25fe58ad36233539ada3f38d56d935c5b0c1c69b7fcd21511efadee",
    "https://cdn.jsdelivr.net/gh/lumeland/lume@3.2.6/mod.ts": "349b3b7fe199bc6703b1e1fb77f3ab92699fce966da2261d3419a951b1ef2c5d",
    "https://cdn.jsdelivr.net/gh/lumeland/lume@3.2.6/plugins/code_highlight.ts": "065e0f48819cc74899b987069b16ac7d92ccd10195c5cda9463bd13d5dd7c5f0",
    "https://cdn.jsdelivr.net/gh/lumeland/lume@3.2.6/plugins/json.ts": "5c49499e56b919ec848d4118ec97dd4fe0a323a6cc4c648dc45ab55297614c12",
    "https://cdn.jsdelivr.net/gh/lumeland/lume@3.2.6/plugins/lume_cms.ts": "c7f7807c8a9c1c39acd85cf6ca41d4b9acc38f71cabf995721d9ff9c33da7604",
    "https://cdn.jsdelivr.net/gh/lumeland/lume@3.2.6/plugins/markdown.ts": "7e82d897c1e35bf119dcd18b6aec7a6ba5aa06848897b34ff9cd161ec7c8757e",
    "https://cdn.jsdelivr.net/gh/lumeland/lume@3.2.6/plugins/modules.ts": "4e177c0ffe972b9deef10db2bf0ae52b405418af4dbac03db9e7ffbd6a3ec6ae",
    "https://cdn.jsdelivr.net/gh/lumeland/lume@3.2.6/plugins/paginate.ts": "5ed0524fc0a69eb75142abd2ade37d9ff8f1e31516fdafb7a3676532b5f2db63",
    "https://cdn.jsdelivr.net/gh/lumeland/lume@3.2.6/plugins/picture.ts": "b61d4a0b3bb0899b9a0248aa782b9d50435b83cd1ab1642d1271d4c39e10967b",
    "https://cdn.jsdelivr.net/gh/lumeland/lume@3.2.6/plugins/search.ts": "5acb5be828bbbd012fb9226cb97ec3e370d43d05aa44d16e7e7d50bab368b442",
    "https://cdn.jsdelivr.net/gh/lumeland/lume@3.2.6/plugins/toml.ts": "e5bf35ed4915587acd453f002b00ae9b88c1782cadc25c703d7642a390af43ea",
    "https://cdn.jsdelivr.net/gh/lumeland/lume@3.2.6/plugins/transform_images.ts": "c47f17043ad50726e93f4e6864680dc067066f8f5fa8b212c3b1284dede32301",
    "https://cdn.jsdelivr.net/gh/lumeland/lume@3.2.6/plugins/url.ts": "15f2e80b6fcbf86f8795a3676b8d533bab003ac016ff127e58165a6ac3bffc1a",
    "https://cdn.jsdelivr.net/gh/lumeland/lume@3.2.6/plugins/vento.ts": "11272f4de3a02e97e91ec31d9efd7568b74334352b141ff302844d8f309a225a",
    "https://cdn.jsdelivr.net/gh/lumeland/lume@3.2.6/plugins/yaml.ts": "d0ebf37c38648172c6b95c502753a3edf60278ab4f6a063f3ca00f31e0dd90cc",
    "https://cdn.jsdelivr.net/gh/ventojs/vento@2.3.1/core/environment.ts": "db44bd90da767fd35c735261badc5a060b581d0ef22231945d16ec0fea110d8b",
    "https://cdn.jsdelivr.net/gh/ventojs/vento@2.3.1/core/errors.ts": "8606b682b465d598a394feea135dd2f84033b5ef2a61a23d116ccb782a0a547a",
    "https://cdn.jsdelivr.net/gh/ventojs/vento@2.3.1/core/js.ts": "83084240150d7e8b83e43ec8fcf78564a8ba8599c3d517976efbb11b208903b2",
    "https://cdn.jsdelivr.net/gh/ventojs/vento@2.3.1/core/reserved.ts": "e3ccafb4e5524b9c51fa14fa0e4bf17fd9bdd791848f17afa2aeb97835c486d1",
    "https://cdn.jsdelivr.net/gh/ventojs/vento@2.3.1/core/tokenizer.ts": "460faa3de0e561e5046c46528c8bcbfc46b9de576af7ec8c4a8954a61a80ec76",
    "https://cdn.jsdelivr.net/gh/ventojs/vento@2.3.1/loaders/file.ts": "83f579ac39838642bb45c6ddf48c05c08134cdd95fa7364d004fb443e972196a",
    "https://cdn.jsdelivr.net/gh/ventojs/vento@2.3.1/mod.ts": "26081287509a87d81c51917795ff94ea80056c43599af8140bb5f666f0aaa767",
    "https://cdn.jsdelivr.net/gh/ventojs/vento@2.3.1/plugins/auto_trim.ts": "5df5091763543493dba1160f805652c67892d3ecf06293bbfecdac71ed3c7d90",
    "https://cdn.jsdelivr.net/gh/ventojs/vento@2.3.1/plugins/default.ts": "bab4f1f3e38a6ea3673d6aaa8409ca79ec241daa07a18582b4f2549cc5532200",
    "https://cdn.jsdelivr.net/gh/ventojs/vento@2.3.1/plugins/echo.ts": "26109b7d47d33621dd764136be665052a48b3e68aeda2bd961504702f14c829f",
    "https://cdn.jsdelivr.net/gh/ventojs/vento@2.3.1/plugins/empty.ts": "901df5c44bf0355a7b57819c1e565067de15a4f64fcd72e42904b1b5dc8314c5",
    "https://cdn.jsdelivr.net/gh/ventojs/vento@2.3.1/plugins/escape.ts": "1db6eb7b22f88bbf94d21636c9b156ec4868e10bbcfa7dc5eae7113c36ef7b8a",
    "https://cdn.jsdelivr.net/gh/ventojs/vento@2.3.1/plugins/export.ts": "40308665aeee8edeab4618d1838c1843c03cba8a7803ed9a27fceadf7a10bbef",
    "https://cdn.jsdelivr.net/gh/ventojs/vento@2.3.1/plugins/for.ts": "a893a3de2c5cab43d5018cb80718ea46377c172d550e7a8ead076f00c58d59bf",
    "https://cdn.jsdelivr.net/gh/ventojs/vento@2.3.1/plugins/function.ts": "472bdbe0bffb7d38c59003b02510cf85a78a35927219bc6a02ac2d4fde8b6597",
    "https://cdn.jsdelivr.net/gh/ventojs/vento@2.3.1/plugins/if.ts": "db13776a5b9e7988f65c27943c344bec7463c5f3162a06cc4da1a313d7109195",
    "https://cdn.jsdelivr.net/gh/ventojs/vento@2.3.1/plugins/import.ts": "b6fb6cc922c0897d15918d10766bbbd51069336780acdc8bbf23922ed870a1b3",
    "https://cdn.jsdelivr.net/gh/ventojs/vento@2.3.1/plugins/include.ts": "7b39ae093e4c25f0de5f0b174c00c06c30bf7092b55f00a58a64968fa8ceabde",
    "https://cdn.jsdelivr.net/gh/ventojs/vento@2.3.1/plugins/js.ts": "f5a7fd8cc48cb1b1dc0b396e3d1fee4664cf28932dc5f5f301e38243e0e987dc",
    "https://cdn.jsdelivr.net/gh/ventojs/vento@2.3.1/plugins/layout.ts": "9c90bb58cc5302af48b97320f8eb128b37bb29f6128d7a75c8dd7b6625b870e1",
    "https://cdn.jsdelivr.net/gh/ventojs/vento@2.3.1/plugins/mod.ts": "2bd756b503b1d100014fa02f92e2e8d07d894c6297358232a685c4a1527908c7",
    "https://cdn.jsdelivr.net/gh/ventojs/vento@2.3.1/plugins/set.ts": "cbe42b771a04203b6fc1c178e655fa2536ab90ae67e52c083cf7c71f37c62711",
    "https://cdn.jsdelivr.net/gh/ventojs/vento@2.3.1/plugins/trim.ts": "8d33271327b09ffd8f569ebde85125b1324fa9538a54d6072ac97a9fb5d24264",
    "https://cdn.jsdelivr.net/gh/ventojs/vento@2.3.1/plugins/unescape.ts": "1c56f0310c7757880df7684fc6b7bf9efd27fdb6b929b89626802f5a99cb93ee"
  }
}
